
Microsoft Visual Studio Solution File, Format Version 12.00
# Visual Studio 2013
VisualStudioVersion = 12.0.21005.1
MinimumVisualStudioVersion = 10.0.40219.1
Project("{8BC9CEB8-8B4A-11D0-8D11-00A0C91BC942}") = "_Test", "_Test\_Test.vcxproj", "{AEEF67B1-E424-43AC-8E64-13BD8414EC88}"
EndProject
Project("{2150E333-8FDC-42A3-9474-1A3956D46DE8}") = "_TestFolder", "_TestFolder", "{407E63D2-801F-44AF-BC48-DC804B96B454}"
EndProject
Project("{2150E333-8FDC-42A3-9474-1A3956D46DE8}") = "CPPPrimer", "CPPPrimer", "{78D7A55B-EFE6-49E0-8E5C-DA05E62C9D90}"
EndProject
Project("{2150E333-8FDC-42A3-9474-1A3956D46DE8}") = "CLRS", "CLRS", "{EE68D00D-7B65-43BE-81D4-EAA4D41AF996}"
EndProject
Project("{8BC9CEB8-8B4A-11D0-8D11-00A0C91BC942}") = "CLRS_Chapter__2", "CLRS_SORT\CLRS_Chapter2\CLRS_Chapter2.vcxproj", "{371CB00F-70B9-4240-9A57-04F64C58B57C}"
EndProject
Project("{8BC9CEB8-8B4A-11D0-8D11-00A0C91BC942}") = "CLRS_Chapter__4", "CLRS_SORT\CLRS_Chapter4\CLRS_Chapter4.vcxproj", "{CB37503E-A624-411C-8688-3F965F4223FF}"
EndProject
Project("{8BC9CEB8-8B4A-11D0-8D11-00A0C91BC942}") = "CLRS_Chapter__5", "CLRS_SORT\CLRS_Chapter5\CLRS_Chapter5.vcxproj", "{ECB2E33B-378C-4B84-B919-DEC70BCC3A9E}"
EndProject
Project("{8BC9CEB8-8B4A-11D0-8D11-00A0C91BC942}") = "CLRS_Chapter__6", "CLRS_SORT\CLRS_Chapter6\CLRS_Chapter6.vcxproj", "{32D32E34-0D7C-4239-96F1-05DFC0EA67D6}"
EndProject
Project("{8BC9CEB8-8B4A-11D0-8D11-00A0C91BC942}") = "CLRS_Chapter__7", "CLRS_SORT\CLRS_Chapter7\CLRS_Chapter7.vcxproj", "{19AF09E7-F95B-434D-904C-2C6C5B837C65}"
EndProject
Project("{8BC9CEB8-8B4A-11D0-8D11-00A0C91BC942}") = "CLRS_Chapter__8", "CLRS_SORT\CLRS_Chapter8\CLRS_Chapter8.vcxproj", "{7FAB1702-6DAF-434E-BD27-06B00D9F9CC1}"
EndProject
Project("{8BC9CEB8-8B4A-11D0-8D11-00A0C91BC942}") = "CLRS_Chapter__9", "CLRS_SORT\CLRS_Chapter9\CLRS_Chapter9.vcxproj", "{A24CEFFE-26CB-499D-BD9D-C4C5B52170A1}"
EndProject
Project("{8BC9CEB8-8B4A-11D0-8D11-00A0C91BC942}") = "CLRS_Chapter_10", "CLRS_SORT\CLRS_Chapter10\CLRS_Chapter10.vcxproj", "{97E38D57-8EE7-4E5C-986E-6DA94A75B57D}"
EndProject
Project("{8BC9CEB8-8B4A-11D0-8D11-00A0C91BC942}") = "CLRS_Chapter_11", "CLRS_SORT\CLRS_Chapter11\CLRS_Chapter11.vcxproj", "{21457964-333C-45C7-96AE-BACF981BECFD}"
EndProject
Project("{8BC9CEB8-8B4A-11D0-8D11-00A0C91BC942}") = "CPPPrimer__1 开始", "CPPPrimer\CPPPrimer_1\CPPPrimer_1.vcxproj", "{0FBAF13E-8710-4A18-9B25-ED808E85FDE6}"
EndProject
Project("{8BC9CEB8-8B4A-11D0-8D11-00A0C91BC942}") = "CPPPrimer__2 变量和基本类型", "CPPPrimer\CPPPrimer_2\CPPPrimer_2.vcxproj", "{F86558F9-AF0C-4F9B-B314-096B73668E91}"
EndProject
Project("{8BC9CEB8-8B4A-11D0-8D11-00A0C91BC942}") = "CPPPrimer__3 字符串、向量和数组", "CPPPrimer\CPPPrimer_3\CPPPrimer_3.vcxproj", "{B14280FE-2833-4131-8CD5-154DDF8B1E86}"
EndProject
Project("{8BC9CEB8-8B4A-11D0-8D11-00A0C91BC942}") = "CPPPrimer__4 表达式", "CPPPrimer\CPPPrimer_4\CPPPrimer_4.vcxproj", "{94919353-FF72-456F-9E90-FFFA519C9D0C}"
EndProject
Project("{8BC9CEB8-8B4A-11D0-8D11-00A0C91BC942}") = "CPPPrimer__5 语句", "CPPPrimer\CPPPrimer_5\CPPPrimer_5.vcxproj", "{F03D784A-5B0B-434A-8F62-98F0287600A5}"
EndProject
Project("{8BC9CEB8-8B4A-11D0-8D11-00A0C91BC942}") = "CPPPrimer__6 函数", "CPPPrimer\CPPPrimer_6\CPPPrimer_6.vcxproj", "{00DC89F2-FAD5-49CB-B39D-E7F9C8137A37}"
EndProject
Project("{8BC9CEB8-8B4A-11D0-8D11-00A0C91BC942}") = "CPPPrimer__7 类", "CPPPrimer\CPPPrimer_7\CPPPrimer_7.vcxproj", "{6A2DD61D-0C9A-41F9-9FB4-1917A498A6EC}"
EndProject
Project("{8BC9CEB8-8B4A-11D0-8D11-00A0C91BC942}") = "CPPPrimer__8 IO库", "CPPPrimer\CPPPrimer_8\CPPPrimer_8.vcxproj", "{34402CC4-985B-4F1B-8E1B-83271A23D683}"
EndProject
Project("{8BC9CEB8-8B4A-11D0-8D11-00A0C91BC942}") = "CPPPrimer__9 顺序容器", "CPPPrimer\CPPPrimer_9\CPPPrimer_9.vcxproj", "{D6417B8C-C18B-4F32-958F-5AD4F199A1F9}"
EndProject
Project("{8BC9CEB8-8B4A-11D0-8D11-00A0C91BC942}") = "CPPPrimer_10 泛型算法", "CPPPrimer\CPPPrimer_10\CPPPrimer_10.vcxproj", "{EEE8A027-2108-4719-BCCB-3FB2D3E59968}"
EndProject
Project("{8BC9CEB8-8B4A-11D0-8D11-00A0C91BC942}") = "CPPPrimer_15 面向对象程序设计", "CPPPrimer\CPPPrimer_15\CPPPrimer_15.vcxproj", "{DEB82498-7288-4B35-AA58-1C4C61204AB3}"
EndProject
Project("{8BC9CEB8-8B4A-11D0-8D11-00A0C91BC942}") = "CPPPrimer_16 模板与泛型编程", "CPPPrimer\CPPPrimer_16\CPPPrimer_16.vcxproj", "{56975BF7-30C2-4324-8B54-3B7A9EA8A252}"
EndProject
Project("{8BC9CEB8-8B4A-11D0-8D11-00A0C91BC942}") = "Approach", "Approach\Approach.vcxproj", "{2960BE3A-A0AA-4D8F-80A7-B976058834C8}"
EndProject
Project("{8BC9CEB8-8B4A-11D0-8D11-00A0C91BC942}") = "DllDemo", "DllDemo\DllDemo.vcxproj", "{CD528A14-E614-46C1-930D-9030DEE5B55A}"
EndProject
Project("{2150E333-8FDC-42A3-9474-1A3956D46DE8}") = "Keyname", "Keyname", "{00CFAF5D-D79B-471D-9C23-16B554AC99DA}"
EndProject
Project("{8BC9CEB8-8B4A-11D0-8D11-00A0C91BC942}") = "Change", "Keyname\Change\Change.vcxproj", "{F4FBC91B-753D-49F9-B629-DBCFA5D073BA}"
EndProject
Project("{8BC9CEB8-8B4A-11D0-8D11-00A0C91BC942}") = "Change_jiankong", "Keyname\Change_jiankong\Change_jiankong.vcxproj", "{8628B2F8-C343-4A9F-9394-2BE643C90FA1}"
EndProject
Project("{8BC9CEB8-8B4A-11D0-8D11-00A0C91BC942}") = "Change_keyerror", "Keyname\Change_keyerror\Change_keyerror.vcxproj", "{5810F749-0AC9-4CA1-888C-7C3EF057B937}"
EndProject
Project("{8BC9CEB8-8B4A-11D0-8D11-00A0C91BC942}") = "Change_KKS", "Keyname\Change_KKS\Change_KKS.vcxproj", "{18117738-657F-4CC6-A3D5-28C126E1BB91}"
EndProject
Project("{8BC9CEB8-8B4A-11D0-8D11-00A0C91BC942}") = "Change_Relay", "Keyname\Change_Relay\Change_Relay.vcxproj", "{43BD4725-AC0C-4D80-B217-085FD5823094}"
EndProject
Project("{8BC9CEB8-8B4A-11D0-8D11-00A0C91BC942}") = "Change_text_2_pic", "Keyname\Change_text_2_pic\Change_text_2_pic.vcxproj", "{14491B59-B8D7-4DB7-B3D5-23A014533BDF}"
EndProject
Project("{8BC9CEB8-8B4A-11D0-8D11-00A0C91BC942}") = "ColorConsole", "ColorConsole\ColorConsole.vcxproj", "{8415ADF7-FDE6-41B5-A7C9-9BC3AE0F73C4}"
EndProject
Project("{2150E333-8FDC-42A3-9474-1A3956D46DE8}") = "Game", "Game", "{EFA42284-DB57-46E2-BD70-9992C8D2E7C9}"
EndProject
Project("{8BC9CEB8-8B4A-11D0-8D11-00A0C91BC942}") = "FIVE", "FIVE\FIVE.vcxproj", "{2DE04ADC-9B34-471D-BC96-A64233DA96D6}"
EndProject
Project("{8BC9CEB8-8B4A-11D0-8D11-00A0C91BC942}") = "MMMF", "MMMF\MMMF.vcxproj", "{14F06769-C4D7-4E47-A15F-7F0BAC68AEC5}"
EndProject
Project("{8BC9CEB8-8B4A-11D0-8D11-00A0C91BC942}") = "Change_DelayTime", "Change_DelayTime\Change_DelayTime.vcxproj", "{588AE04E-EF6C-4F83-B0C8-EA7C6A7E1C78}"
EndProject
Project("{8BC9CEB8-8B4A-11D0-8D11-00A0C91BC942}") = "RegEx", "RegEx\RegEx.vcxproj", "{C9685857-41C2-46A8-9C7E-862FDB1C752C}"
EndProject
Project("{8BC9CEB8-8B4A-11D0-8D11-00A0C91BC942}") = "CString_string_char", "CString_string_char\CString_string_char.vcxproj", "{53B08561-17AC-472E-8764-4871B0109A59}"
EndProject
Project("{8BC9CEB8-8B4A-11D0-8D11-00A0C91BC942}") = "OverloadNew", "OverloadNew\OverloadNew.vcxproj", "{3D2F7E87-7793-44FD-A4DC-7830336C3BD8}"
EndProject
Project("{2150E333-8FDC-42A3-9474-1A3956D46DE8}") = "DataStruct", "DataStruct", "{A1C286D9-FFCE-4ED8-815D-5E45B43BFB6E}"
EndProject
Project("{8BC9CEB8-8B4A-11D0-8D11-00A0C91BC942}") = "SinglyLinkedList", "SinglyLinkedList\SinglyLinkedList.vcxproj", "{93B1B344-B454-4649-9876-C28AB5FC09D5}"
EndProject
Project("{8BC9CEB8-8B4A-11D0-8D11-00A0C91BC942}") = "DoublyLinkedList", "DoublyLinkedList\DoublyLinkedList.vcxproj", "{A01EC82E-49D1-4076-BA61-A6DEA51F82DB}"
EndProject
Project("{2150E333-8FDC-42A3-9474-1A3956D46DE8}") = "Socket", "Socket", "{D8CCB5DB-098B-4593-ACBE-19B5D250BE42}"
EndProject
Project("{8BC9CEB8-8B4A-11D0-8D11-00A0C91BC942}") = "server", "server\server.vcxproj", "{577D3CB5-24FC-4C75-A1BA-11207D40F54F}"
EndProject
Project("{8BC9CEB8-8B4A-11D0-8D11-00A0C91BC942}") = "client", "client\client.vcxproj", "{ABC13151-18A2-4560-A62F-B2A637EA9FE5}"
EndProject
Project("{8BC9CEB8-8B4A-11D0-8D11-00A0C91BC942}") = "TcpServer", "TcpServer\TcpServer.vcxproj", "{724AA5D6-ABCA-3EE0-86AA-C7219D00520D}"
EndProject
Project("{8BC9CEB8-8B4A-11D0-8D11-00A0C91BC942}") = "TcpClient", "TcpClient\TcpClient.vcxproj", "{3CB414C4-CE9F-31D1-9B88-9FB433DFF682}"
EndProject
Project("{2150E333-8FDC-42A3-9474-1A3956D46DE8}") = "QtSocket", "QtSocket", "{ED4BB0D8-F74D-4A61-AB3F-94370D7B98E6}"
EndProject
Project("{8BC9CEB8-8B4A-11D0-8D11-00A0C91BC942}") = "QtClient", "QtClient\QtClient.vcxproj", "{9F5C4936-269F-40D0-9458-1F6AC4A1F4FB}"
EndProject
Project("{2150E333-8FDC-42A3-9474-1A3956D46DE8}") = "Derive", "Derive", "{65587AFA-E8AD-4A96-A4FD-087556012612}"
EndProject
Project("{8BC9CEB8-8B4A-11D0-8D11-00A0C91BC942}") = "FinalClass", "FinalClass\FinalClass.vcxproj", "{0412E7C8-59C1-4133-88CE-68C84CAB0839}"
EndProject
Project("{8BC9CEB8-8B4A-11D0-8D11-00A0C91BC942}") = "OnlyStackClass_OnlyHeapClass", "OnlyStackClass_OnlyHeapClass\OnlyStackClass_OnlyHeapClass.vcxproj", "{82A50D03-AE0F-47D7-9B49-DB9F87C438DC}"
EndProject
Project("{2150E333-8FDC-42A3-9474-1A3956D46DE8}") = "Variant", "Variant", "{F1A90C73-3CAF-4801-B78A-959CFBC6B8B6}"
EndProject
Project("{8BC9CEB8-8B4A-11D0-8D11-00A0C91BC942}") = "Variant", "Variant\Variant.vcxproj", "{C2CD867E-3DD8-4260-93EC-8426A1A32A0A}"
EndProject
Project("{2150E333-8FDC-42A3-9474-1A3956D46DE8}") = "C++11", "C++11", "{11660148-FB37-4A39-8DC4-1B7AE60036DC}"
EndProject
Project("{8BC9CEB8-8B4A-11D0-8D11-00A0C91BC942}") = "WhileInSwitch", "WhileInSwitch\WhileInSwitch.vcxproj", "{361E6B75-E5CC-4332-B48F-825A4CC86DBA}"
EndProject
Project("{2150E333-8FDC-42A3-9474-1A3956D46DE8}") = "Thread", "Thread", "{45AD1DAD-AF35-4B61-A6BD-4D8E13AC0DEC}"
EndProject
Project("{8BC9CEB8-8B4A-11D0-8D11-00A0C91BC942}") = "QThreadTest", "QThreadTest\QThreadTest.vcxproj", "{AFFF48CE-83D9-4CFF-93A1-FACF2FB5F710}"
EndProject
Project("{8BC9CEB8-8B4A-11D0-8D11-00A0C91BC942}") = "hello", "hello\hello.vcxproj", "{B6DF573E-E99E-4538-AD23-596B4A2F0D1A}"
EndProject
Project("{8BC9CEB8-8B4A-11D0-8D11-00A0C91BC942}") = "XMLTest", "XMLTest\XMLTest.vcxproj", "{DBCD2672-A52D-404C-A924-F6DBFE6FE051}"
EndProject
Project("{8BC9CEB8-8B4A-11D0-8D11-00A0C91BC942}") = "IncludeTest", "IncludeTest\IncludeTest.vcxproj", "{335B20EE-7FDC-4DBA-AC30-BEBD2932EB28}"
EndProject
Project("{8BC9CEB8-8B4A-11D0-8D11-00A0C91BC942}") = "Redirect", "Redirect\Redirect\Redirect.vcxproj", "{B12702AD-ABFB-343A-A199-8E24837244A3}"
EndProject
Project("{8BC9CEB8-8B4A-11D0-8D11-00A0C91BC942}") = "CPPPrimer_11 关联容器", "CPPPrimer\CPPPrimer_11\CPPPrimer_11.vcxproj", "{21B6837C-707B-403E-9CD2-386537ADA56B}"
EndProject
Project("{8BC9CEB8-8B4A-11D0-8D11-00A0C91BC942}") = "CPPPrimer_12 动态内存", "CPPPrimer\CPPPrimer_12\CPPPrimer_12.vcxproj", "{D88281E2-C8BD-41F2-B2C0-15276E9CADD3}"
EndProject
Project("{8BC9CEB8-8B4A-11D0-8D11-00A0C91BC942}") = "CPPPrimer_13 拷贝控制", "CPPPrimer\CPPPrimer_13\CPPPrimer_13.vcxproj", "{124D5CA7-5FB9-4033-A509-8339D7BC3D09}"
EndProject
Project("{8BC9CEB8-8B4A-11D0-8D11-00A0C91BC942}") = "CPPPrimer_14 重载运算与类型转换", "CPPPrimer\CPPPrimer_14\CPPPrimer_14.vcxproj", "{9E21495D-1D8F-4F80-A265-CA2E4B79481B}"
EndProject
Project("{8BC9CEB8-8B4A-11D0-8D11-00A0C91BC942}") = "CPPPrimer_17 标准库特殊设施", "CPPPrimer\CPPPrimer_17\CPPPrimer_17.vcxproj", "{7C33FC9F-4FC5-4AAB-A5D4-E7BC1443C769}"
EndProject
Project("{8BC9CEB8-8B4A-11D0-8D11-00A0C91BC942}") = "CPPPrimer_18 用于大型程序的工具", "CPPPrimer\CPPPrimer_18\CPPPrimer_18.vcxproj", "{E4B473B3-3529-46AD-9517-C1BF826DD485}"
EndProject
Project("{8BC9CEB8-8B4A-11D0-8D11-00A0C91BC942}") = "CPPPrimer_19 特殊工具与技术", "CPPPrimer\CPPPrimer_19\CPPPrimer_19.vcxproj", "{9B7526AE-7913-48CC-9980-E6CAAF4E77E1}"
EndProject
Global
	GlobalSection(SolutionConfigurationPlatforms) = preSolution
		Debug|Mixed Platforms = Debug|Mixed Platforms
		Debug|Win32 = Debug|Win32
		Debug|x64 = Debug|x64
		Release|Mixed Platforms = Release|Mixed Platforms
		Release|Win32 = Release|Win32
		Release|x64 = Release|x64
	EndGlobalSection
	GlobalSection(ProjectConfigurationPlatforms) = postSolution
		{AEEF67B1-E424-43AC-8E64-13BD8414EC88}.Debug|Mixed Platforms.ActiveCfg = Debug|Win32
		{AEEF67B1-E424-43AC-8E64-13BD8414EC88}.Debug|Mixed Platforms.Build.0 = Debug|Win32
		{AEEF67B1-E424-43AC-8E64-13BD8414EC88}.Debug|Win32.ActiveCfg = Debug|Win32
		{AEEF67B1-E424-43AC-8E64-13BD8414EC88}.Debug|Win32.Build.0 = Debug|Win32
		{AEEF67B1-E424-43AC-8E64-13BD8414EC88}.Debug|x64.ActiveCfg = Debug|x64
		{AEEF67B1-E424-43AC-8E64-13BD8414EC88}.Debug|x64.Build.0 = Debug|x64
		{AEEF67B1-E424-43AC-8E64-13BD8414EC88}.Release|Mixed Platforms.ActiveCfg = Release|Win32
		{AEEF67B1-E424-43AC-8E64-13BD8414EC88}.Release|Mixed Platforms.Build.0 = Release|Win32
		{AEEF67B1-E424-43AC-8E64-13BD8414EC88}.Release|Win32.ActiveCfg = Release|Win32
		{AEEF67B1-E424-43AC-8E64-13BD8414EC88}.Release|Win32.Build.0 = Release|Win32
		{AEEF67B1-E424-43AC-8E64-13BD8414EC88}.Release|x64.ActiveCfg = Release|x64
		{AEEF67B1-E424-43AC-8E64-13BD8414EC88}.Release|x64.Build.0 = Release|x64
		{371CB00F-70B9-4240-9A57-04F64C58B57C}.Debug|Mixed Platforms.ActiveCfg = Debug|Win32
		{371CB00F-70B9-4240-9A57-04F64C58B57C}.Debug|Mixed Platforms.Build.0 = Debug|Win32
		{371CB00F-70B9-4240-9A57-04F64C58B57C}.Debug|Win32.ActiveCfg = Debug|Win32
		{371CB00F-70B9-4240-9A57-04F64C58B57C}.Debug|Win32.Build.0 = Debug|Win32
		{371CB00F-70B9-4240-9A57-04F64C58B57C}.Debug|x64.ActiveCfg = Debug|Win32
		{371CB00F-70B9-4240-9A57-04F64C58B57C}.Release|Mixed Platforms.ActiveCfg = Release|Win32
		{371CB00F-70B9-4240-9A57-04F64C58B57C}.Release|Mixed Platforms.Build.0 = Release|Win32
		{371CB00F-70B9-4240-9A57-04F64C58B57C}.Release|Win32.ActiveCfg = Release|Win32
		{371CB00F-70B9-4240-9A57-04F64C58B57C}.Release|Win32.Build.0 = Release|Win32
		{371CB00F-70B9-4240-9A57-04F64C58B57C}.Release|x64.ActiveCfg = Release|Win32
		{CB37503E-A624-411C-8688-3F965F4223FF}.Debug|Mixed Platforms.ActiveCfg = Debug|Win32
		{CB37503E-A624-411C-8688-3F965F4223FF}.Debug|Mixed Platforms.Build.0 = Debug|Win32
		{CB37503E-A624-411C-8688-3F965F4223FF}.Debug|Win32.ActiveCfg = Debug|Win32
		{CB37503E-A624-411C-8688-3F965F4223FF}.Debug|Win32.Build.0 = Debug|Win32
		{CB37503E-A624-411C-8688-3F965F4223FF}.Debug|x64.ActiveCfg = Debug|Win32
		{CB37503E-A624-411C-8688-3F965F4223FF}.Release|Mixed Platforms.ActiveCfg = Release|Win32
		{CB37503E-A624-411C-8688-3F965F4223FF}.Release|Mixed Platforms.Build.0 = Release|Win32
		{CB37503E-A624-411C-8688-3F965F4223FF}.Release|Win32.ActiveCfg = Release|Win32
		{CB37503E-A624-411C-8688-3F965F4223FF}.Release|Win32.Build.0 = Release|Win32
		{CB37503E-A624-411C-8688-3F965F4223FF}.Release|x64.ActiveCfg = Release|Win32
		{ECB2E33B-378C-4B84-B919-DEC70BCC3A9E}.Debug|Mixed Platforms.ActiveCfg = Debug|Win32
		{ECB2E33B-378C-4B84-B919-DEC70BCC3A9E}.Debug|Mixed Platforms.Build.0 = Debug|Win32
		{ECB2E33B-378C-4B84-B919-DEC70BCC3A9E}.Debug|Win32.ActiveCfg = Debug|Win32
		{ECB2E33B-378C-4B84-B919-DEC70BCC3A9E}.Debug|Win32.Build.0 = Debug|Win32
		{ECB2E33B-378C-4B84-B919-DEC70BCC3A9E}.Debug|x64.ActiveCfg = Debug|Win32
		{ECB2E33B-378C-4B84-B919-DEC70BCC3A9E}.Release|Mixed Platforms.ActiveCfg = Release|Win32
		{ECB2E33B-378C-4B84-B919-DEC70BCC3A9E}.Release|Mixed Platforms.Build.0 = Release|Win32
		{ECB2E33B-378C-4B84-B919-DEC70BCC3A9E}.Release|Win32.ActiveCfg = Release|Win32
		{ECB2E33B-378C-4B84-B919-DEC70BCC3A9E}.Release|Win32.Build.0 = Release|Win32
		{ECB2E33B-378C-4B84-B919-DEC70BCC3A9E}.Release|x64.ActiveCfg = Release|Win32
		{32D32E34-0D7C-4239-96F1-05DFC0EA67D6}.Debug|Mixed Platforms.ActiveCfg = Debug|Win32
		{32D32E34-0D7C-4239-96F1-05DFC0EA67D6}.Debug|Mixed Platforms.Build.0 = Debug|Win32
		{32D32E34-0D7C-4239-96F1-05DFC0EA67D6}.Debug|Win32.ActiveCfg = Debug|Win32
		{32D32E34-0D7C-4239-96F1-05DFC0EA67D6}.Debug|Win32.Build.0 = Debug|Win32
		{32D32E34-0D7C-4239-96F1-05DFC0EA67D6}.Debug|x64.ActiveCfg = Debug|Win32
		{32D32E34-0D7C-4239-96F1-05DFC0EA67D6}.Release|Mixed Platforms.ActiveCfg = Release|Win32
		{32D32E34-0D7C-4239-96F1-05DFC0EA67D6}.Release|Mixed Platforms.Build.0 = Release|Win32
		{32D32E34-0D7C-4239-96F1-05DFC0EA67D6}.Release|Win32.ActiveCfg = Release|Win32
		{32D32E34-0D7C-4239-96F1-05DFC0EA67D6}.Release|Win32.Build.0 = Release|Win32
		{32D32E34-0D7C-4239-96F1-05DFC0EA67D6}.Release|x64.ActiveCfg = Release|Win32
		{19AF09E7-F95B-434D-904C-2C6C5B837C65}.Debug|Mixed Platforms.ActiveCfg = Debug|Win32
		{19AF09E7-F95B-434D-904C-2C6C5B837C65}.Debug|Mixed Platforms.Build.0 = Debug|Win32
		{19AF09E7-F95B-434D-904C-2C6C5B837C65}.Debug|Win32.ActiveCfg = Debug|Win32
		{19AF09E7-F95B-434D-904C-2C6C5B837C65}.Debug|Win32.Build.0 = Debug|Win32
		{19AF09E7-F95B-434D-904C-2C6C5B837C65}.Debug|x64.ActiveCfg = Debug|Win32
		{19AF09E7-F95B-434D-904C-2C6C5B837C65}.Release|Mixed Platforms.ActiveCfg = Release|Win32
		{19AF09E7-F95B-434D-904C-2C6C5B837C65}.Release|Mixed Platforms.Build.0 = Release|Win32
		{19AF09E7-F95B-434D-904C-2C6C5B837C65}.Release|Win32.ActiveCfg = Release|Win32
		{19AF09E7-F95B-434D-904C-2C6C5B837C65}.Release|Win32.Build.0 = Release|Win32
		{19AF09E7-F95B-434D-904C-2C6C5B837C65}.Release|x64.ActiveCfg = Release|Win32
		{7FAB1702-6DAF-434E-BD27-06B00D9F9CC1}.Debug|Mixed Platforms.ActiveCfg = Debug|Win32
		{7FAB1702-6DAF-434E-BD27-06B00D9F9CC1}.Debug|Mixed Platforms.Build.0 = Debug|Win32
		{7FAB1702-6DAF-434E-BD27-06B00D9F9CC1}.Debug|Win32.ActiveCfg = Debug|Win32
		{7FAB1702-6DAF-434E-BD27-06B00D9F9CC1}.Debug|Win32.Build.0 = Debug|Win32
		{7FAB1702-6DAF-434E-BD27-06B00D9F9CC1}.Debug|x64.ActiveCfg = Debug|Win32
		{7FAB1702-6DAF-434E-BD27-06B00D9F9CC1}.Release|Mixed Platforms.ActiveCfg = Release|Win32
		{7FAB1702-6DAF-434E-BD27-06B00D9F9CC1}.Release|Mixed Platforms.Build.0 = Release|Win32
		{7FAB1702-6DAF-434E-BD27-06B00D9F9CC1}.Release|Win32.ActiveCfg = Release|Win32
		{7FAB1702-6DAF-434E-BD27-06B00D9F9CC1}.Release|Win32.Build.0 = Release|Win32
		{7FAB1702-6DAF-434E-BD27-06B00D9F9CC1}.Release|x64.ActiveCfg = Release|Win32
		{A24CEFFE-26CB-499D-BD9D-C4C5B52170A1}.Debug|Mixed Platforms.ActiveCfg = Debug|Win32
		{A24CEFFE-26CB-499D-BD9D-C4C5B52170A1}.Debug|Mixed Platforms.Build.0 = Debug|Win32
		{A24CEFFE-26CB-499D-BD9D-C4C5B52170A1}.Debug|Win32.ActiveCfg = Debug|Win32
		{A24CEFFE-26CB-499D-BD9D-C4C5B52170A1}.Debug|Win32.Build.0 = Debug|Win32
		{A24CEFFE-26CB-499D-BD9D-C4C5B52170A1}.Debug|x64.ActiveCfg = Debug|Win32
		{A24CEFFE-26CB-499D-BD9D-C4C5B52170A1}.Release|Mixed Platforms.ActiveCfg = Release|Win32
		{A24CEFFE-26CB-499D-BD9D-C4C5B52170A1}.Release|Mixed Platforms.Build.0 = Release|Win32
		{A24CEFFE-26CB-499D-BD9D-C4C5B52170A1}.Release|Win32.ActiveCfg = Release|Win32
		{A24CEFFE-26CB-499D-BD9D-C4C5B52170A1}.Release|Win32.Build.0 = Release|Win32
		{A24CEFFE-26CB-499D-BD9D-C4C5B52170A1}.Release|x64.ActiveCfg = Release|Win32
		{97E38D57-8EE7-4E5C-986E-6DA94A75B57D}.Debug|Mixed Platforms.ActiveCfg = Debug|Win32
		{97E38D57-8EE7-4E5C-986E-6DA94A75B57D}.Debug|Mixed Platforms.Build.0 = Debug|Win32
		{97E38D57-8EE7-4E5C-986E-6DA94A75B57D}.Debug|Win32.ActiveCfg = Debug|Win32
		{97E38D57-8EE7-4E5C-986E-6DA94A75B57D}.Debug|Win32.Build.0 = Debug|Win32
		{97E38D57-8EE7-4E5C-986E-6DA94A75B57D}.Debug|x64.ActiveCfg = Debug|Win32
		{97E38D57-8EE7-4E5C-986E-6DA94A75B57D}.Release|Mixed Platforms.ActiveCfg = Release|Win32
		{97E38D57-8EE7-4E5C-986E-6DA94A75B57D}.Release|Mixed Platforms.Build.0 = Release|Win32
		{97E38D57-8EE7-4E5C-986E-6DA94A75B57D}.Release|Win32.ActiveCfg = Release|Win32
		{97E38D57-8EE7-4E5C-986E-6DA94A75B57D}.Release|Win32.Build.0 = Release|Win32
		{97E38D57-8EE7-4E5C-986E-6DA94A75B57D}.Release|x64.ActiveCfg = Release|Win32
		{21457964-333C-45C7-96AE-BACF981BECFD}.Debug|Mixed Platforms.ActiveCfg = Debug|Win32
		{21457964-333C-45C7-96AE-BACF981BECFD}.Debug|Mixed Platforms.Build.0 = Debug|Win32
		{21457964-333C-45C7-96AE-BACF981BECFD}.Debug|Win32.ActiveCfg = Debug|Win32
		{21457964-333C-45C7-96AE-BACF981BECFD}.Debug|Win32.Build.0 = Debug|Win32
		{21457964-333C-45C7-96AE-BACF981BECFD}.Debug|x64.ActiveCfg = Debug|Win32
		{21457964-333C-45C7-96AE-BACF981BECFD}.Release|Mixed Platforms.ActiveCfg = Release|Win32
		{21457964-333C-45C7-96AE-BACF981BECFD}.Release|Mixed Platforms.Build.0 = Release|Win32
		{21457964-333C-45C7-96AE-BACF981BECFD}.Release|Win32.ActiveCfg = Release|Win32
		{21457964-333C-45C7-96AE-BACF981BECFD}.Release|Win32.Build.0 = Release|Win32
		{21457964-333C-45C7-96AE-BACF981BECFD}.Release|x64.ActiveCfg = Release|Win32
		{0FBAF13E-8710-4A18-9B25-ED808E85FDE6}.Debug|Mixed Platforms.ActiveCfg = Debug|Win32
		{0FBAF13E-8710-4A18-9B25-ED808E85FDE6}.Debug|Mixed Platforms.Build.0 = Debug|Win32
		{0FBAF13E-8710-4A18-9B25-ED808E85FDE6}.Debug|Win32.ActiveCfg = Debug|Win32
		{0FBAF13E-8710-4A18-9B25-ED808E85FDE6}.Debug|Win32.Build.0 = Debug|Win32
		{0FBAF13E-8710-4A18-9B25-ED808E85FDE6}.Debug|x64.ActiveCfg = Debug|Win32
		{0FBAF13E-8710-4A18-9B25-ED808E85FDE6}.Release|Mixed Platforms.ActiveCfg = Release|Win32
		{0FBAF13E-8710-4A18-9B25-ED808E85FDE6}.Release|Mixed Platforms.Build.0 = Release|Win32
		{0FBAF13E-8710-4A18-9B25-ED808E85FDE6}.Release|Win32.ActiveCfg = Release|Win32
		{0FBAF13E-8710-4A18-9B25-ED808E85FDE6}.Release|Win32.Build.0 = Release|Win32
		{0FBAF13E-8710-4A18-9B25-ED808E85FDE6}.Release|x64.ActiveCfg = Release|Win32
		{F86558F9-AF0C-4F9B-B314-096B73668E91}.Debug|Mixed Platforms.ActiveCfg = Debug|Win32
		{F86558F9-AF0C-4F9B-B314-096B73668E91}.Debug|Mixed Platforms.Build.0 = Debug|Win32
		{F86558F9-AF0C-4F9B-B314-096B73668E91}.Debug|Win32.ActiveCfg = Debug|Win32
		{F86558F9-AF0C-4F9B-B314-096B73668E91}.Debug|Win32.Build.0 = Debug|Win32
		{F86558F9-AF0C-4F9B-B314-096B73668E91}.Debug|x64.ActiveCfg = Debug|Win32
		{F86558F9-AF0C-4F9B-B314-096B73668E91}.Release|Mixed Platforms.ActiveCfg = Release|Win32
		{F86558F9-AF0C-4F9B-B314-096B73668E91}.Release|Mixed Platforms.Build.0 = Release|Win32
		{F86558F9-AF0C-4F9B-B314-096B73668E91}.Release|Win32.ActiveCfg = Release|Win32
		{F86558F9-AF0C-4F9B-B314-096B73668E91}.Release|Win32.Build.0 = Release|Win32
		{F86558F9-AF0C-4F9B-B314-096B73668E91}.Release|x64.ActiveCfg = Release|Win32
		{B14280FE-2833-4131-8CD5-154DDF8B1E86}.Debug|Mixed Platforms.ActiveCfg = Debug|Win32
		{B14280FE-2833-4131-8CD5-154DDF8B1E86}.Debug|Mixed Platforms.Build.0 = Debug|Win32
		{B14280FE-2833-4131-8CD5-154DDF8B1E86}.Debug|Win32.ActiveCfg = Debug|Win32
		{B14280FE-2833-4131-8CD5-154DDF8B1E86}.Debug|Win32.Build.0 = Debug|Win32
		{B14280FE-2833-4131-8CD5-154DDF8B1E86}.Debug|x64.ActiveCfg = Debug|Win32
		{B14280FE-2833-4131-8CD5-154DDF8B1E86}.Release|Mixed Platforms.ActiveCfg = Release|Win32
		{B14280FE-2833-4131-8CD5-154DDF8B1E86}.Release|Mixed Platforms.Build.0 = Release|Win32
		{B14280FE-2833-4131-8CD5-154DDF8B1E86}.Release|Win32.ActiveCfg = Release|Win32
		{B14280FE-2833-4131-8CD5-154DDF8B1E86}.Release|Win32.Build.0 = Release|Win32
		{B14280FE-2833-4131-8CD5-154DDF8B1E86}.Release|x64.ActiveCfg = Release|Win32
		{94919353-FF72-456F-9E90-FFFA519C9D0C}.Debug|Mixed Platforms.ActiveCfg = Debug|Win32
		{94919353-FF72-456F-9E90-FFFA519C9D0C}.Debug|Mixed Platforms.Build.0 = Debug|Win32
		{94919353-FF72-456F-9E90-FFFA519C9D0C}.Debug|Win32.ActiveCfg = Debug|Win32
		{94919353-FF72-456F-9E90-FFFA519C9D0C}.Debug|Win32.Build.0 = Debug|Win32
		{94919353-FF72-456F-9E90-FFFA519C9D0C}.Debug|x64.ActiveCfg = Debug|Win32
		{94919353-FF72-456F-9E90-FFFA519C9D0C}.Release|Mixed Platforms.ActiveCfg = Release|Win32
		{94919353-FF72-456F-9E90-FFFA519C9D0C}.Release|Mixed Platforms.Build.0 = Release|Win32
		{94919353-FF72-456F-9E90-FFFA519C9D0C}.Release|Win32.ActiveCfg = Release|Win32
		{94919353-FF72-456F-9E90-FFFA519C9D0C}.Release|Win32.Build.0 = Release|Win32
		{94919353-FF72-456F-9E90-FFFA519C9D0C}.Release|x64.ActiveCfg = Release|Win32
		{F03D784A-5B0B-434A-8F62-98F0287600A5}.Debug|Mixed Platforms.ActiveCfg = Debug|Win32
		{F03D784A-5B0B-434A-8F62-98F0287600A5}.Debug|Mixed Platforms.Build.0 = Debug|Win32
		{F03D784A-5B0B-434A-8F62-98F0287600A5}.Debug|Win32.ActiveCfg = Debug|Win32
		{F03D784A-5B0B-434A-8F62-98F0287600A5}.Debug|Win32.Build.0 = Debug|Win32
		{F03D784A-5B0B-434A-8F62-98F0287600A5}.Debug|x64.ActiveCfg = Debug|Win32
		{F03D784A-5B0B-434A-8F62-98F0287600A5}.Release|Mixed Platforms.ActiveCfg = Release|Win32
		{F03D784A-5B0B-434A-8F62-98F0287600A5}.Release|Mixed Platforms.Build.0 = Release|Win32
		{F03D784A-5B0B-434A-8F62-98F0287600A5}.Release|Win32.ActiveCfg = Release|Win32
		{F03D784A-5B0B-434A-8F62-98F0287600A5}.Release|Win32.Build.0 = Release|Win32
		{F03D784A-5B0B-434A-8F62-98F0287600A5}.Release|x64.ActiveCfg = Release|Win32
		{00DC89F2-FAD5-49CB-B39D-E7F9C8137A37}.Debug|Mixed Platforms.ActiveCfg = Debug|Win32
		{00DC89F2-FAD5-49CB-B39D-E7F9C8137A37}.Debug|Mixed Platforms.Build.0 = Debug|Win32
		{00DC89F2-FAD5-49CB-B39D-E7F9C8137A37}.Debug|Win32.ActiveCfg = Debug|Win32
		{00DC89F2-FAD5-49CB-B39D-E7F9C8137A37}.Debug|Win32.Build.0 = Debug|Win32
		{00DC89F2-FAD5-49CB-B39D-E7F9C8137A37}.Debug|x64.ActiveCfg = Debug|Win32
		{00DC89F2-FAD5-49CB-B39D-E7F9C8137A37}.Release|Mixed Platforms.ActiveCfg = Release|Win32
		{00DC89F2-FAD5-49CB-B39D-E7F9C8137A37}.Release|Mixed Platforms.Build.0 = Release|Win32
		{00DC89F2-FAD5-49CB-B39D-E7F9C8137A37}.Release|Win32.ActiveCfg = Release|Win32
		{00DC89F2-FAD5-49CB-B39D-E7F9C8137A37}.Release|Win32.Build.0 = Release|Win32
		{00DC89F2-FAD5-49CB-B39D-E7F9C8137A37}.Release|x64.ActiveCfg = Release|Win32
		{6A2DD61D-0C9A-41F9-9FB4-1917A498A6EC}.Debug|Mixed Platforms.ActiveCfg = Debug|Win32
		{6A2DD61D-0C9A-41F9-9FB4-1917A498A6EC}.Debug|Mixed Platforms.Build.0 = Debug|Win32
		{6A2DD61D-0C9A-41F9-9FB4-1917A498A6EC}.Debug|Win32.ActiveCfg = Debug|Win32
		{6A2DD61D-0C9A-41F9-9FB4-1917A498A6EC}.Debug|Win32.Build.0 = Debug|Win32
		{6A2DD61D-0C9A-41F9-9FB4-1917A498A6EC}.Debug|x64.ActiveCfg = Debug|Win32
		{6A2DD61D-0C9A-41F9-9FB4-1917A498A6EC}.Release|Mixed Platforms.ActiveCfg = Release|Win32
		{6A2DD61D-0C9A-41F9-9FB4-1917A498A6EC}.Release|Mixed Platforms.Build.0 = Release|Win32
		{6A2DD61D-0C9A-41F9-9FB4-1917A498A6EC}.Release|Win32.ActiveCfg = Release|Win32
		{6A2DD61D-0C9A-41F9-9FB4-1917A498A6EC}.Release|Win32.Build.0 = Release|Win32
		{6A2DD61D-0C9A-41F9-9FB4-1917A498A6EC}.Release|x64.ActiveCfg = Release|Win32
		{34402CC4-985B-4F1B-8E1B-83271A23D683}.Debug|Mixed Platforms.ActiveCfg = Debug|Win32
		{34402CC4-985B-4F1B-8E1B-83271A23D683}.Debug|Mixed Platforms.Build.0 = Debug|Win32
		{34402CC4-985B-4F1B-8E1B-83271A23D683}.Debug|Win32.ActiveCfg = Debug|Win32
		{34402CC4-985B-4F1B-8E1B-83271A23D683}.Debug|Win32.Build.0 = Debug|Win32
		{34402CC4-985B-4F1B-8E1B-83271A23D683}.Debug|x64.ActiveCfg = Debug|Win32
		{34402CC4-985B-4F1B-8E1B-83271A23D683}.Release|Mixed Platforms.ActiveCfg = Release|Win32
		{34402CC4-985B-4F1B-8E1B-83271A23D683}.Release|Mixed Platforms.Build.0 = Release|Win32
		{34402CC4-985B-4F1B-8E1B-83271A23D683}.Release|Win32.ActiveCfg = Release|Win32
		{34402CC4-985B-4F1B-8E1B-83271A23D683}.Release|Win32.Build.0 = Release|Win32
		{34402CC4-985B-4F1B-8E1B-83271A23D683}.Release|x64.ActiveCfg = Release|Win32
		{D6417B8C-C18B-4F32-958F-5AD4F199A1F9}.Debug|Mixed Platforms.ActiveCfg = Debug|Win32
		{D6417B8C-C18B-4F32-958F-5AD4F199A1F9}.Debug|Mixed Platforms.Build.0 = Debug|Win32
		{D6417B8C-C18B-4F32-958F-5AD4F199A1F9}.Debug|Win32.ActiveCfg = Debug|Win32
		{D6417B8C-C18B-4F32-958F-5AD4F199A1F9}.Debug|Win32.Build.0 = Debug|Win32
		{D6417B8C-C18B-4F32-958F-5AD4F199A1F9}.Debug|x64.ActiveCfg = Debug|Win32
		{D6417B8C-C18B-4F32-958F-5AD4F199A1F9}.Release|Mixed Platforms.ActiveCfg = Release|Win32
		{D6417B8C-C18B-4F32-958F-5AD4F199A1F9}.Release|Mixed Platforms.Build.0 = Release|Win32
		{D6417B8C-C18B-4F32-958F-5AD4F199A1F9}.Release|Win32.ActiveCfg = Release|Win32
		{D6417B8C-C18B-4F32-958F-5AD4F199A1F9}.Release|Win32.Build.0 = Release|Win32
		{D6417B8C-C18B-4F32-958F-5AD4F199A1F9}.Release|x64.ActiveCfg = Release|Win32
		{EEE8A027-2108-4719-BCCB-3FB2D3E59968}.Debug|Mixed Platforms.ActiveCfg = Debug|Win32
		{EEE8A027-2108-4719-BCCB-3FB2D3E59968}.Debug|Mixed Platforms.Build.0 = Debug|Win32
		{EEE8A027-2108-4719-BCCB-3FB2D3E59968}.Debug|Win32.ActiveCfg = Debug|Win32
		{EEE8A027-2108-4719-BCCB-3FB2D3E59968}.Debug|Win32.Build.0 = Debug|Win32
		{EEE8A027-2108-4719-BCCB-3FB2D3E59968}.Debug|x64.ActiveCfg = Debug|Win32
		{EEE8A027-2108-4719-BCCB-3FB2D3E59968}.Release|Mixed Platforms.ActiveCfg = Release|Win32
		{EEE8A027-2108-4719-BCCB-3FB2D3E59968}.Release|Mixed Platforms.Build.0 = Release|Win32
		{EEE8A027-2108-4719-BCCB-3FB2D3E59968}.Release|Win32.ActiveCfg = Release|Win32
		{EEE8A027-2108-4719-BCCB-3FB2D3E59968}.Release|Win32.Build.0 = Release|Win32
		{EEE8A027-2108-4719-BCCB-3FB2D3E59968}.Release|x64.ActiveCfg = Release|Win32
		{DEB82498-7288-4B35-AA58-1C4C61204AB3}.Debug|Mixed Platforms.ActiveCfg = Debug|Win32
		{DEB82498-7288-4B35-AA58-1C4C61204AB3}.Debug|Mixed Platforms.Build.0 = Debug|Win32
		{DEB82498-7288-4B35-AA58-1C4C61204AB3}.Debug|Win32.ActiveCfg = Debug|Win32
		{DEB82498-7288-4B35-AA58-1C4C61204AB3}.Debug|Win32.Build.0 = Debug|Win32
		{DEB82498-7288-4B35-AA58-1C4C61204AB3}.Debug|x64.ActiveCfg = Debug|Win32
		{DEB82498-7288-4B35-AA58-1C4C61204AB3}.Release|Mixed Platforms.ActiveCfg = Release|Win32
		{DEB82498-7288-4B35-AA58-1C4C61204AB3}.Release|Mixed Platforms.Build.0 = Release|Win32
		{DEB82498-7288-4B35-AA58-1C4C61204AB3}.Release|Win32.ActiveCfg = Release|Win32
		{DEB82498-7288-4B35-AA58-1C4C61204AB3}.Release|Win32.Build.0 = Release|Win32
		{DEB82498-7288-4B35-AA58-1C4C61204AB3}.Release|x64.ActiveCfg = Release|Win32
		{56975BF7-30C2-4324-8B54-3B7A9EA8A252}.Debug|Mixed Platforms.ActiveCfg = Debug|Win32
		{56975BF7-30C2-4324-8B54-3B7A9EA8A252}.Debug|Mixed Platforms.Build.0 = Debug|Win32
		{56975BF7-30C2-4324-8B54-3B7A9EA8A252}.Debug|Win32.ActiveCfg = Debug|Win32
		{56975BF7-30C2-4324-8B54-3B7A9EA8A252}.Debug|Win32.Build.0 = Debug|Win32
		{56975BF7-30C2-4324-8B54-3B7A9EA8A252}.Debug|x64.ActiveCfg = Debug|Win32
		{56975BF7-30C2-4324-8B54-3B7A9EA8A252}.Release|Mixed Platforms.ActiveCfg = Release|Win32
		{56975BF7-30C2-4324-8B54-3B7A9EA8A252}.Release|Mixed Platforms.Build.0 = Release|Win32
		{56975BF7-30C2-4324-8B54-3B7A9EA8A252}.Release|Win32.ActiveCfg = Release|Win32
		{56975BF7-30C2-4324-8B54-3B7A9EA8A252}.Release|Win32.Build.0 = Release|Win32
		{56975BF7-30C2-4324-8B54-3B7A9EA8A252}.Release|x64.ActiveCfg = Release|Win32
		{2960BE3A-A0AA-4D8F-80A7-B976058834C8}.Debug|Mixed Platforms.ActiveCfg = Debug|Win32
		{2960BE3A-A0AA-4D8F-80A7-B976058834C8}.Debug|Mixed Platforms.Build.0 = Debug|Win32
		{2960BE3A-A0AA-4D8F-80A7-B976058834C8}.Debug|Win32.ActiveCfg = Debug|Win32
		{2960BE3A-A0AA-4D8F-80A7-B976058834C8}.Debug|Win32.Build.0 = Debug|Win32
		{2960BE3A-A0AA-4D8F-80A7-B976058834C8}.Debug|x64.ActiveCfg = Debug|Win32
		{2960BE3A-A0AA-4D8F-80A7-B976058834C8}.Release|Mixed Platforms.ActiveCfg = Release|Win32
		{2960BE3A-A0AA-4D8F-80A7-B976058834C8}.Release|Mixed Platforms.Build.0 = Release|Win32
		{2960BE3A-A0AA-4D8F-80A7-B976058834C8}.Release|Win32.ActiveCfg = Release|Win32
		{2960BE3A-A0AA-4D8F-80A7-B976058834C8}.Release|Win32.Build.0 = Release|Win32
		{2960BE3A-A0AA-4D8F-80A7-B976058834C8}.Release|x64.ActiveCfg = Release|Win32
		{CD528A14-E614-46C1-930D-9030DEE5B55A}.Debug|Mixed Platforms.ActiveCfg = Debug|Win32
		{CD528A14-E614-46C1-930D-9030DEE5B55A}.Debug|Mixed Platforms.Build.0 = Debug|Win32
		{CD528A14-E614-46C1-930D-9030DEE5B55A}.Debug|Win32.ActiveCfg = Debug|Win32
		{CD528A14-E614-46C1-930D-9030DEE5B55A}.Debug|Win32.Build.0 = Debug|Win32
		{CD528A14-E614-46C1-930D-9030DEE5B55A}.Debug|x64.ActiveCfg = Debug|Win32
		{CD528A14-E614-46C1-930D-9030DEE5B55A}.Release|Mixed Platforms.ActiveCfg = Release|Win32
		{CD528A14-E614-46C1-930D-9030DEE5B55A}.Release|Mixed Platforms.Build.0 = Release|Win32
		{CD528A14-E614-46C1-930D-9030DEE5B55A}.Release|Win32.ActiveCfg = Release|Win32
		{CD528A14-E614-46C1-930D-9030DEE5B55A}.Release|Win32.Build.0 = Release|Win32
		{CD528A14-E614-46C1-930D-9030DEE5B55A}.Release|x64.ActiveCfg = Release|Win32
		{F4FBC91B-753D-49F9-B629-DBCFA5D073BA}.Debug|Mixed Platforms.ActiveCfg = Debug|Win32
		{F4FBC91B-753D-49F9-B629-DBCFA5D073BA}.Debug|Mixed Platforms.Build.0 = Debug|Win32
		{F4FBC91B-753D-49F9-B629-DBCFA5D073BA}.Debug|Win32.ActiveCfg = Debug|Win32
		{F4FBC91B-753D-49F9-B629-DBCFA5D073BA}.Debug|Win32.Build.0 = Debug|Win32
		{F4FBC91B-753D-49F9-B629-DBCFA5D073BA}.Debug|x64.ActiveCfg = Debug|Win32
		{F4FBC91B-753D-49F9-B629-DBCFA5D073BA}.Release|Mixed Platforms.ActiveCfg = Release|Win32
		{F4FBC91B-753D-49F9-B629-DBCFA5D073BA}.Release|Mixed Platforms.Build.0 = Release|Win32
		{F4FBC91B-753D-49F9-B629-DBCFA5D073BA}.Release|Win32.ActiveCfg = Release|Win32
		{F4FBC91B-753D-49F9-B629-DBCFA5D073BA}.Release|Win32.Build.0 = Release|Win32
		{F4FBC91B-753D-49F9-B629-DBCFA5D073BA}.Release|x64.ActiveCfg = Release|Win32
		{8628B2F8-C343-4A9F-9394-2BE643C90FA1}.Debug|Mixed Platforms.ActiveCfg = Debug|Win32
		{8628B2F8-C343-4A9F-9394-2BE643C90FA1}.Debug|Mixed Platforms.Build.0 = Debug|Win32
		{8628B2F8-C343-4A9F-9394-2BE643C90FA1}.Debug|Win32.ActiveCfg = Debug|Win32
		{8628B2F8-C343-4A9F-9394-2BE643C90FA1}.Debug|Win32.Build.0 = Debug|Win32
		{8628B2F8-C343-4A9F-9394-2BE643C90FA1}.Debug|x64.ActiveCfg = Debug|Win32
		{8628B2F8-C343-4A9F-9394-2BE643C90FA1}.Release|Mixed Platforms.ActiveCfg = Release|Win32
		{8628B2F8-C343-4A9F-9394-2BE643C90FA1}.Release|Mixed Platforms.Build.0 = Release|Win32
		{8628B2F8-C343-4A9F-9394-2BE643C90FA1}.Release|Win32.ActiveCfg = Release|Win32
		{8628B2F8-C343-4A9F-9394-2BE643C90FA1}.Release|Win32.Build.0 = Release|Win32
		{8628B2F8-C343-4A9F-9394-2BE643C90FA1}.Release|x64.ActiveCfg = Release|Win32
		{5810F749-0AC9-4CA1-888C-7C3EF057B937}.Debug|Mixed Platforms.ActiveCfg = Debug|Win32
		{5810F749-0AC9-4CA1-888C-7C3EF057B937}.Debug|Mixed Platforms.Build.0 = Debug|Win32
		{5810F749-0AC9-4CA1-888C-7C3EF057B937}.Debug|Win32.ActiveCfg = Debug|Win32
		{5810F749-0AC9-4CA1-888C-7C3EF057B937}.Debug|Win32.Build.0 = Debug|Win32
		{5810F749-0AC9-4CA1-888C-7C3EF057B937}.Debug|x64.ActiveCfg = Debug|Win32
		{5810F749-0AC9-4CA1-888C-7C3EF057B937}.Release|Mixed Platforms.ActiveCfg = Release|Win32
		{5810F749-0AC9-4CA1-888C-7C3EF057B937}.Release|Mixed Platforms.Build.0 = Release|Win32
		{5810F749-0AC9-4CA1-888C-7C3EF057B937}.Release|Win32.ActiveCfg = Release|Win32
		{5810F749-0AC9-4CA1-888C-7C3EF057B937}.Release|Win32.Build.0 = Release|Win32
		{5810F749-0AC9-4CA1-888C-7C3EF057B937}.Release|x64.ActiveCfg = Release|Win32
		{18117738-657F-4CC6-A3D5-28C126E1BB91}.Debug|Mixed Platforms.ActiveCfg = Debug|Win32
		{18117738-657F-4CC6-A3D5-28C126E1BB91}.Debug|Mixed Platforms.Build.0 = Debug|Win32
		{18117738-657F-4CC6-A3D5-28C126E1BB91}.Debug|Win32.ActiveCfg = Debug|Win32
		{18117738-657F-4CC6-A3D5-28C126E1BB91}.Debug|Win32.Build.0 = Debug|Win32
		{18117738-657F-4CC6-A3D5-28C126E1BB91}.Debug|x64.ActiveCfg = Debug|Win32
		{18117738-657F-4CC6-A3D5-28C126E1BB91}.Release|Mixed Platforms.ActiveCfg = Release|Win32
		{18117738-657F-4CC6-A3D5-28C126E1BB91}.Release|Mixed Platforms.Build.0 = Release|Win32
		{18117738-657F-4CC6-A3D5-28C126E1BB91}.Release|Win32.ActiveCfg = Release|Win32
		{18117738-657F-4CC6-A3D5-28C126E1BB91}.Release|Win32.Build.0 = Release|Win32
		{18117738-657F-4CC6-A3D5-28C126E1BB91}.Release|x64.ActiveCfg = Release|Win32
		{43BD4725-AC0C-4D80-B217-085FD5823094}.Debug|Mixed Platforms.ActiveCfg = Debug|Win32
		{43BD4725-AC0C-4D80-B217-085FD5823094}.Debug|Mixed Platforms.Build.0 = Debug|Win32
		{43BD4725-AC0C-4D80-B217-085FD5823094}.Debug|Win32.ActiveCfg = Debug|Win32
		{43BD4725-AC0C-4D80-B217-085FD5823094}.Debug|Win32.Build.0 = Debug|Win32
		{43BD4725-AC0C-4D80-B217-085FD5823094}.Debug|x64.ActiveCfg = Debug|Win32
		{43BD4725-AC0C-4D80-B217-085FD5823094}.Release|Mixed Platforms.ActiveCfg = Release|Win32
		{43BD4725-AC0C-4D80-B217-085FD5823094}.Release|Mixed Platforms.Build.0 = Release|Win32
		{43BD4725-AC0C-4D80-B217-085FD5823094}.Release|Win32.ActiveCfg = Release|Win32
		{43BD4725-AC0C-4D80-B217-085FD5823094}.Release|Win32.Build.0 = Release|Win32
		{43BD4725-AC0C-4D80-B217-085FD5823094}.Release|x64.ActiveCfg = Release|Win32
		{14491B59-B8D7-4DB7-B3D5-23A014533BDF}.Debug|Mixed Platforms.ActiveCfg = Debug|Win32
		{14491B59-B8D7-4DB7-B3D5-23A014533BDF}.Debug|Mixed Platforms.Build.0 = Debug|Win32
		{14491B59-B8D7-4DB7-B3D5-23A014533BDF}.Debug|Win32.ActiveCfg = Debug|Win32
		{14491B59-B8D7-4DB7-B3D5-23A014533BDF}.Debug|Win32.Build.0 = Debug|Win32
		{14491B59-B8D7-4DB7-B3D5-23A014533BDF}.Debug|x64.ActiveCfg = Debug|Win32
		{14491B59-B8D7-4DB7-B3D5-23A014533BDF}.Release|Mixed Platforms.ActiveCfg = Release|Win32
		{14491B59-B8D7-4DB7-B3D5-23A014533BDF}.Release|Mixed Platforms.Build.0 = Release|Win32
		{14491B59-B8D7-4DB7-B3D5-23A014533BDF}.Release|Win32.ActiveCfg = Release|Win32
		{14491B59-B8D7-4DB7-B3D5-23A014533BDF}.Release|Win32.Build.0 = Release|Win32
		{14491B59-B8D7-4DB7-B3D5-23A014533BDF}.Release|x64.ActiveCfg = Release|Win32
		{8415ADF7-FDE6-41B5-A7C9-9BC3AE0F73C4}.Debug|Mixed Platforms.ActiveCfg = Debug|Win32
		{8415ADF7-FDE6-41B5-A7C9-9BC3AE0F73C4}.Debug|Mixed Platforms.Build.0 = Debug|Win32
		{8415ADF7-FDE6-41B5-A7C9-9BC3AE0F73C4}.Debug|Win32.ActiveCfg = Debug|Win32
		{8415ADF7-FDE6-41B5-A7C9-9BC3AE0F73C4}.Debug|Win32.Build.0 = Debug|Win32
		{8415ADF7-FDE6-41B5-A7C9-9BC3AE0F73C4}.Debug|x64.ActiveCfg = Debug|Win32
		{8415ADF7-FDE6-41B5-A7C9-9BC3AE0F73C4}.Release|Mixed Platforms.ActiveCfg = Release|Win32
		{8415ADF7-FDE6-41B5-A7C9-9BC3AE0F73C4}.Release|Mixed Platforms.Build.0 = Release|Win32
		{8415ADF7-FDE6-41B5-A7C9-9BC3AE0F73C4}.Release|Win32.ActiveCfg = Release|Win32
		{8415ADF7-FDE6-41B5-A7C9-9BC3AE0F73C4}.Release|Win32.Build.0 = Release|Win32
		{8415ADF7-FDE6-41B5-A7C9-9BC3AE0F73C4}.Release|x64.ActiveCfg = Release|Win32
		{2DE04ADC-9B34-471D-BC96-A64233DA96D6}.Debug|Mixed Platforms.ActiveCfg = Debug|Win32
		{2DE04ADC-9B34-471D-BC96-A64233DA96D6}.Debug|Mixed Platforms.Build.0 = Debug|Win32
		{2DE04ADC-9B34-471D-BC96-A64233DA96D6}.Debug|Win32.ActiveCfg = Debug|Win32
		{2DE04ADC-9B34-471D-BC96-A64233DA96D6}.Debug|Win32.Build.0 = Debug|Win32
		{2DE04ADC-9B34-471D-BC96-A64233DA96D6}.Debug|x64.ActiveCfg = Debug|Win32
		{2DE04ADC-9B34-471D-BC96-A64233DA96D6}.Release|Mixed Platforms.ActiveCfg = Release|Win32
		{2DE04ADC-9B34-471D-BC96-A64233DA96D6}.Release|Mixed Platforms.Build.0 = Release|Win32
		{2DE04ADC-9B34-471D-BC96-A64233DA96D6}.Release|Win32.ActiveCfg = Release|Win32
		{2DE04ADC-9B34-471D-BC96-A64233DA96D6}.Release|Win32.Build.0 = Release|Win32
		{2DE04ADC-9B34-471D-BC96-A64233DA96D6}.Release|x64.ActiveCfg = Release|Win32
		{14F06769-C4D7-4E47-A15F-7F0BAC68AEC5}.Debug|Mixed Platforms.ActiveCfg = Debug|Win32
		{14F06769-C4D7-4E47-A15F-7F0BAC68AEC5}.Debug|Mixed Platforms.Build.0 = Debug|Win32
		{14F06769-C4D7-4E47-A15F-7F0BAC68AEC5}.Debug|Win32.ActiveCfg = Debug|Win32
		{14F06769-C4D7-4E47-A15F-7F0BAC68AEC5}.Debug|Win32.Build.0 = Debug|Win32
		{14F06769-C4D7-4E47-A15F-7F0BAC68AEC5}.Debug|x64.ActiveCfg = Debug|Win32
		{14F06769-C4D7-4E47-A15F-7F0BAC68AEC5}.Release|Mixed Platforms.ActiveCfg = Release|Win32
		{14F06769-C4D7-4E47-A15F-7F0BAC68AEC5}.Release|Mixed Platforms.Build.0 = Release|Win32
		{14F06769-C4D7-4E47-A15F-7F0BAC68AEC5}.Release|Win32.ActiveCfg = Release|Win32
		{14F06769-C4D7-4E47-A15F-7F0BAC68AEC5}.Release|Win32.Build.0 = Release|Win32
		{14F06769-C4D7-4E47-A15F-7F0BAC68AEC5}.Release|x64.ActiveCfg = Release|Win32
		{588AE04E-EF6C-4F83-B0C8-EA7C6A7E1C78}.Debug|Mixed Platforms.ActiveCfg = Debug|Win32
		{588AE04E-EF6C-4F83-B0C8-EA7C6A7E1C78}.Debug|Mixed Platforms.Build.0 = Debug|Win32
		{588AE04E-EF6C-4F83-B0C8-EA7C6A7E1C78}.Debug|Win32.ActiveCfg = Debug|Win32
		{588AE04E-EF6C-4F83-B0C8-EA7C6A7E1C78}.Debug|Win32.Build.0 = Debug|Win32
		{588AE04E-EF6C-4F83-B0C8-EA7C6A7E1C78}.Debug|x64.ActiveCfg = Debug|Win32
		{588AE04E-EF6C-4F83-B0C8-EA7C6A7E1C78}.Release|Mixed Platforms.ActiveCfg = Release|Win32
		{588AE04E-EF6C-4F83-B0C8-EA7C6A7E1C78}.Release|Mixed Platforms.Build.0 = Release|Win32
		{588AE04E-EF6C-4F83-B0C8-EA7C6A7E1C78}.Release|Win32.ActiveCfg = Release|Win32
		{588AE04E-EF6C-4F83-B0C8-EA7C6A7E1C78}.Release|Win32.Build.0 = Release|Win32
		{588AE04E-EF6C-4F83-B0C8-EA7C6A7E1C78}.Release|x64.ActiveCfg = Release|Win32
		{C9685857-41C2-46A8-9C7E-862FDB1C752C}.Debug|Mixed Platforms.ActiveCfg = Debug|Win32
		{C9685857-41C2-46A8-9C7E-862FDB1C752C}.Debug|Mixed Platforms.Build.0 = Debug|Win32
		{C9685857-41C2-46A8-9C7E-862FDB1C752C}.Debug|Win32.ActiveCfg = Debug|Win32
		{C9685857-41C2-46A8-9C7E-862FDB1C752C}.Debug|Win32.Build.0 = Debug|Win32
		{C9685857-41C2-46A8-9C7E-862FDB1C752C}.Debug|x64.ActiveCfg = Debug|Win32
		{C9685857-41C2-46A8-9C7E-862FDB1C752C}.Release|Mixed Platforms.ActiveCfg = Release|Win32
		{C9685857-41C2-46A8-9C7E-862FDB1C752C}.Release|Mixed Platforms.Build.0 = Release|Win32
		{C9685857-41C2-46A8-9C7E-862FDB1C752C}.Release|Win32.ActiveCfg = Release|Win32
		{C9685857-41C2-46A8-9C7E-862FDB1C752C}.Release|Win32.Build.0 = Release|Win32
		{C9685857-41C2-46A8-9C7E-862FDB1C752C}.Release|x64.ActiveCfg = Release|Win32
		{53B08561-17AC-472E-8764-4871B0109A59}.Debug|Mixed Platforms.ActiveCfg = Debug|Win32
		{53B08561-17AC-472E-8764-4871B0109A59}.Debug|Mixed Platforms.Build.0 = Debug|Win32
		{53B08561-17AC-472E-8764-4871B0109A59}.Debug|Win32.ActiveCfg = Debug|Win32
		{53B08561-17AC-472E-8764-4871B0109A59}.Debug|Win32.Build.0 = Debug|Win32
		{53B08561-17AC-472E-8764-4871B0109A59}.Debug|x64.ActiveCfg = Debug|Win32
		{53B08561-17AC-472E-8764-4871B0109A59}.Release|Mixed Platforms.ActiveCfg = Release|Win32
		{53B08561-17AC-472E-8764-4871B0109A59}.Release|Mixed Platforms.Build.0 = Release|Win32
		{53B08561-17AC-472E-8764-4871B0109A59}.Release|Win32.ActiveCfg = Release|Win32
		{53B08561-17AC-472E-8764-4871B0109A59}.Release|Win32.Build.0 = Release|Win32
		{53B08561-17AC-472E-8764-4871B0109A59}.Release|x64.ActiveCfg = Release|Win32
		{3D2F7E87-7793-44FD-A4DC-7830336C3BD8}.Debug|Mixed Platforms.ActiveCfg = Debug|Win32
		{3D2F7E87-7793-44FD-A4DC-7830336C3BD8}.Debug|Mixed Platforms.Build.0 = Debug|Win32
		{3D2F7E87-7793-44FD-A4DC-7830336C3BD8}.Debug|Win32.ActiveCfg = Debug|Win32
		{3D2F7E87-7793-44FD-A4DC-7830336C3BD8}.Debug|Win32.Build.0 = Debug|Win32
		{3D2F7E87-7793-44FD-A4DC-7830336C3BD8}.Debug|x64.ActiveCfg = Debug|Win32
		{3D2F7E87-7793-44FD-A4DC-7830336C3BD8}.Release|Mixed Platforms.ActiveCfg = Release|Win32
		{3D2F7E87-7793-44FD-A4DC-7830336C3BD8}.Release|Mixed Platforms.Build.0 = Release|Win32
		{3D2F7E87-7793-44FD-A4DC-7830336C3BD8}.Release|Win32.ActiveCfg = Release|Win32
		{3D2F7E87-7793-44FD-A4DC-7830336C3BD8}.Release|Win32.Build.0 = Release|Win32
		{3D2F7E87-7793-44FD-A4DC-7830336C3BD8}.Release|x64.ActiveCfg = Release|Win32
		{93B1B344-B454-4649-9876-C28AB5FC09D5}.Debug|Mixed Platforms.ActiveCfg = Debug|Win32
		{93B1B344-B454-4649-9876-C28AB5FC09D5}.Debug|Mixed Platforms.Build.0 = Debug|Win32
		{93B1B344-B454-4649-9876-C28AB5FC09D5}.Debug|Win32.ActiveCfg = Debug|Win32
		{93B1B344-B454-4649-9876-C28AB5FC09D5}.Debug|Win32.Build.0 = Debug|Win32
		{93B1B344-B454-4649-9876-C28AB5FC09D5}.Debug|x64.ActiveCfg = Debug|Win32
		{93B1B344-B454-4649-9876-C28AB5FC09D5}.Release|Mixed Platforms.ActiveCfg = Release|Win32
		{93B1B344-B454-4649-9876-C28AB5FC09D5}.Release|Mixed Platforms.Build.0 = Release|Win32
		{93B1B344-B454-4649-9876-C28AB5FC09D5}.Release|Win32.ActiveCfg = Release|Win32
		{93B1B344-B454-4649-9876-C28AB5FC09D5}.Release|Win32.Build.0 = Release|Win32
		{93B1B344-B454-4649-9876-C28AB5FC09D5}.Release|x64.ActiveCfg = Release|Win32
		{A01EC82E-49D1-4076-BA61-A6DEA51F82DB}.Debug|Mixed Platforms.ActiveCfg = Debug|Win32
		{A01EC82E-49D1-4076-BA61-A6DEA51F82DB}.Debug|Mixed Platforms.Build.0 = Debug|Win32
		{A01EC82E-49D1-4076-BA61-A6DEA51F82DB}.Debug|Win32.ActiveCfg = Debug|Win32
		{A01EC82E-49D1-4076-BA61-A6DEA51F82DB}.Debug|Win32.Build.0 = Debug|Win32
		{A01EC82E-49D1-4076-BA61-A6DEA51F82DB}.Debug|x64.ActiveCfg = Debug|Win32
		{A01EC82E-49D1-4076-BA61-A6DEA51F82DB}.Release|Mixed Platforms.ActiveCfg = Release|Win32
		{A01EC82E-49D1-4076-BA61-A6DEA51F82DB}.Release|Mixed Platforms.Build.0 = Release|Win32
		{A01EC82E-49D1-4076-BA61-A6DEA51F82DB}.Release|Win32.ActiveCfg = Release|Win32
		{A01EC82E-49D1-4076-BA61-A6DEA51F82DB}.Release|Win32.Build.0 = Release|Win32
		{A01EC82E-49D1-4076-BA61-A6DEA51F82DB}.Release|x64.ActiveCfg = Release|Win32
		{577D3CB5-24FC-4C75-A1BA-11207D40F54F}.Debug|Mixed Platforms.ActiveCfg = Debug|Win32
		{577D3CB5-24FC-4C75-A1BA-11207D40F54F}.Debug|Mixed Platforms.Build.0 = Debug|Win32
		{577D3CB5-24FC-4C75-A1BA-11207D40F54F}.Debug|Win32.ActiveCfg = Debug|Win32
		{577D3CB5-24FC-4C75-A1BA-11207D40F54F}.Debug|Win32.Build.0 = Debug|Win32
		{577D3CB5-24FC-4C75-A1BA-11207D40F54F}.Debug|x64.ActiveCfg = Debug|Win32
		{577D3CB5-24FC-4C75-A1BA-11207D40F54F}.Release|Mixed Platforms.ActiveCfg = Release|Win32
		{577D3CB5-24FC-4C75-A1BA-11207D40F54F}.Release|Mixed Platforms.Build.0 = Release|Win32
		{577D3CB5-24FC-4C75-A1BA-11207D40F54F}.Release|Win32.ActiveCfg = Release|Win32
		{577D3CB5-24FC-4C75-A1BA-11207D40F54F}.Release|Win32.Build.0 = Release|Win32
		{577D3CB5-24FC-4C75-A1BA-11207D40F54F}.Release|x64.ActiveCfg = Release|Win32
		{ABC13151-18A2-4560-A62F-B2A637EA9FE5}.Debug|Mixed Platforms.ActiveCfg = Debug|Win32
		{ABC13151-18A2-4560-A62F-B2A637EA9FE5}.Debug|Mixed Platforms.Build.0 = Debug|Win32
		{ABC13151-18A2-4560-A62F-B2A637EA9FE5}.Debug|Win32.ActiveCfg = Debug|Win32
		{ABC13151-18A2-4560-A62F-B2A637EA9FE5}.Debug|Win32.Build.0 = Debug|Win32
		{ABC13151-18A2-4560-A62F-B2A637EA9FE5}.Debug|x64.ActiveCfg = Debug|Win32
		{ABC13151-18A2-4560-A62F-B2A637EA9FE5}.Release|Mixed Platforms.ActiveCfg = Release|Win32
		{ABC13151-18A2-4560-A62F-B2A637EA9FE5}.Release|Mixed Platforms.Build.0 = Release|Win32
		{ABC13151-18A2-4560-A62F-B2A637EA9FE5}.Release|Win32.ActiveCfg = Release|Win32
		{ABC13151-18A2-4560-A62F-B2A637EA9FE5}.Release|Win32.Build.0 = Release|Win32
		{ABC13151-18A2-4560-A62F-B2A637EA9FE5}.Release|x64.ActiveCfg = Release|Win32
		{724AA5D6-ABCA-3EE0-86AA-C7219D00520D}.Debug|Mixed Platforms.ActiveCfg = Debug|x64
		{724AA5D6-ABCA-3EE0-86AA-C7219D00520D}.Debug|Mixed Platforms.Build.0 = Debug|x64
		{724AA5D6-ABCA-3EE0-86AA-C7219D00520D}.Debug|Win32.ActiveCfg = Debug|x64
		{724AA5D6-ABCA-3EE0-86AA-C7219D00520D}.Debug|x64.ActiveCfg = Debug|x64
		{724AA5D6-ABCA-3EE0-86AA-C7219D00520D}.Debug|x64.Build.0 = Debug|x64
		{724AA5D6-ABCA-3EE0-86AA-C7219D00520D}.Release|Mixed Platforms.ActiveCfg = Release|x64
		{724AA5D6-ABCA-3EE0-86AA-C7219D00520D}.Release|Mixed Platforms.Build.0 = Release|x64
		{724AA5D6-ABCA-3EE0-86AA-C7219D00520D}.Release|Win32.ActiveCfg = Release|x64
		{724AA5D6-ABCA-3EE0-86AA-C7219D00520D}.Release|x64.ActiveCfg = Release|x64
		{724AA5D6-ABCA-3EE0-86AA-C7219D00520D}.Release|x64.Build.0 = Release|x64
		{3CB414C4-CE9F-31D1-9B88-9FB433DFF682}.Debug|Mixed Platforms.ActiveCfg = Debug|x64
		{3CB414C4-CE9F-31D1-9B88-9FB433DFF682}.Debug|Mixed Platforms.Build.0 = Debug|x64
		{3CB414C4-CE9F-31D1-9B88-9FB433DFF682}.Debug|Win32.ActiveCfg = Debug|x64
		{3CB414C4-CE9F-31D1-9B88-9FB433DFF682}.Debug|x64.ActiveCfg = Debug|x64
		{3CB414C4-CE9F-31D1-9B88-9FB433DFF682}.Debug|x64.Build.0 = Debug|x64
		{3CB414C4-CE9F-31D1-9B88-9FB433DFF682}.Release|Mixed Platforms.ActiveCfg = Release|x64
		{3CB414C4-CE9F-31D1-9B88-9FB433DFF682}.Release|Mixed Platforms.Build.0 = Release|x64
		{3CB414C4-CE9F-31D1-9B88-9FB433DFF682}.Release|Win32.ActiveCfg = Release|x64
		{3CB414C4-CE9F-31D1-9B88-9FB433DFF682}.Release|x64.ActiveCfg = Release|x64
		{3CB414C4-CE9F-31D1-9B88-9FB433DFF682}.Release|x64.Build.0 = Release|x64
		{9F5C4936-269F-40D0-9458-1F6AC4A1F4FB}.Debug|Mixed Platforms.ActiveCfg = Debug|x64
		{9F5C4936-269F-40D0-9458-1F6AC4A1F4FB}.Debug|Mixed Platforms.Build.0 = Debug|x64
		{9F5C4936-269F-40D0-9458-1F6AC4A1F4FB}.Debug|Win32.ActiveCfg = Debug|x64
		{9F5C4936-269F-40D0-9458-1F6AC4A1F4FB}.Debug|x64.ActiveCfg = Debug|x64
		{9F5C4936-269F-40D0-9458-1F6AC4A1F4FB}.Debug|x64.Build.0 = Debug|x64
		{9F5C4936-269F-40D0-9458-1F6AC4A1F4FB}.Release|Mixed Platforms.ActiveCfg = Release|x64
		{9F5C4936-269F-40D0-9458-1F6AC4A1F4FB}.Release|Mixed Platforms.Build.0 = Release|x64
		{9F5C4936-269F-40D0-9458-1F6AC4A1F4FB}.Release|Win32.ActiveCfg = Release|x64
		{9F5C4936-269F-40D0-9458-1F6AC4A1F4FB}.Release|x64.ActiveCfg = Release|x64
		{9F5C4936-269F-40D0-9458-1F6AC4A1F4FB}.Release|x64.Build.0 = Release|x64
		{0412E7C8-59C1-4133-88CE-68C84CAB0839}.Debug|Mixed Platforms.ActiveCfg = Debug|Win32
		{0412E7C8-59C1-4133-88CE-68C84CAB0839}.Debug|Mixed Platforms.Build.0 = Debug|Win32
		{0412E7C8-59C1-4133-88CE-68C84CAB0839}.Debug|Win32.ActiveCfg = Debug|Win32
		{0412E7C8-59C1-4133-88CE-68C84CAB0839}.Debug|Win32.Build.0 = Debug|Win32
		{0412E7C8-59C1-4133-88CE-68C84CAB0839}.Debug|x64.ActiveCfg = Debug|Win32
		{0412E7C8-59C1-4133-88CE-68C84CAB0839}.Release|Mixed Platforms.ActiveCfg = Release|Win32
		{0412E7C8-59C1-4133-88CE-68C84CAB0839}.Release|Mixed Platforms.Build.0 = Release|Win32
		{0412E7C8-59C1-4133-88CE-68C84CAB0839}.Release|Win32.ActiveCfg = Release|Win32
		{0412E7C8-59C1-4133-88CE-68C84CAB0839}.Release|Win32.Build.0 = Release|Win32
		{0412E7C8-59C1-4133-88CE-68C84CAB0839}.Release|x64.ActiveCfg = Release|Win32
		{82A50D03-AE0F-47D7-9B49-DB9F87C438DC}.Debug|Mixed Platforms.ActiveCfg = Debug|Win32
		{82A50D03-AE0F-47D7-9B49-DB9F87C438DC}.Debug|Mixed Platforms.Build.0 = Debug|Win32
		{82A50D03-AE0F-47D7-9B49-DB9F87C438DC}.Debug|Win32.ActiveCfg = Debug|Win32
		{82A50D03-AE0F-47D7-9B49-DB9F87C438DC}.Debug|Win32.Build.0 = Debug|Win32
		{82A50D03-AE0F-47D7-9B49-DB9F87C438DC}.Debug|x64.ActiveCfg = Debug|Win32
		{82A50D03-AE0F-47D7-9B49-DB9F87C438DC}.Release|Mixed Platforms.ActiveCfg = Release|Win32
		{82A50D03-AE0F-47D7-9B49-DB9F87C438DC}.Release|Mixed Platforms.Build.0 = Release|Win32
		{82A50D03-AE0F-47D7-9B49-DB9F87C438DC}.Release|Win32.ActiveCfg = Release|Win32
		{82A50D03-AE0F-47D7-9B49-DB9F87C438DC}.Release|Win32.Build.0 = Release|Win32
		{82A50D03-AE0F-47D7-9B49-DB9F87C438DC}.Release|x64.ActiveCfg = Release|Win32
		{C2CD867E-3DD8-4260-93EC-8426A1A32A0A}.Debug|Mixed Platforms.ActiveCfg = Debug|Win32
		{C2CD867E-3DD8-4260-93EC-8426A1A32A0A}.Debug|Mixed Platforms.Build.0 = Debug|Win32
		{C2CD867E-3DD8-4260-93EC-8426A1A32A0A}.Debug|Win32.ActiveCfg = Debug|Win32
		{C2CD867E-3DD8-4260-93EC-8426A1A32A0A}.Debug|Win32.Build.0 = Debug|Win32
		{C2CD867E-3DD8-4260-93EC-8426A1A32A0A}.Debug|x64.ActiveCfg = Debug|Win32
		{C2CD867E-3DD8-4260-93EC-8426A1A32A0A}.Release|Mixed Platforms.ActiveCfg = Release|Win32
		{C2CD867E-3DD8-4260-93EC-8426A1A32A0A}.Release|Mixed Platforms.Build.0 = Release|Win32
		{C2CD867E-3DD8-4260-93EC-8426A1A32A0A}.Release|Win32.ActiveCfg = Release|Win32
		{C2CD867E-3DD8-4260-93EC-8426A1A32A0A}.Release|Win32.Build.0 = Release|Win32
		{C2CD867E-3DD8-4260-93EC-8426A1A32A0A}.Release|x64.ActiveCfg = Release|Win32
		{361E6B75-E5CC-4332-B48F-825A4CC86DBA}.Debug|Mixed Platforms.ActiveCfg = Debug|Win32
		{361E6B75-E5CC-4332-B48F-825A4CC86DBA}.Debug|Mixed Platforms.Build.0 = Debug|Win32
		{361E6B75-E5CC-4332-B48F-825A4CC86DBA}.Debug|Win32.ActiveCfg = Debug|Win32
		{361E6B75-E5CC-4332-B48F-825A4CC86DBA}.Debug|Win32.Build.0 = Debug|Win32
		{361E6B75-E5CC-4332-B48F-825A4CC86DBA}.Debug|x64.ActiveCfg = Debug|Win32
		{361E6B75-E5CC-4332-B48F-825A4CC86DBA}.Release|Mixed Platforms.ActiveCfg = Release|Win32
		{361E6B75-E5CC-4332-B48F-825A4CC86DBA}.Release|Mixed Platforms.Build.0 = Release|Win32
		{361E6B75-E5CC-4332-B48F-825A4CC86DBA}.Release|Win32.ActiveCfg = Release|Win32
		{361E6B75-E5CC-4332-B48F-825A4CC86DBA}.Release|Win32.Build.0 = Release|Win32
		{361E6B75-E5CC-4332-B48F-825A4CC86DBA}.Release|x64.ActiveCfg = Release|Win32
		{AFFF48CE-83D9-4CFF-93A1-FACF2FB5F710}.Debug|Mixed Platforms.ActiveCfg = Debug|Win32
		{AFFF48CE-83D9-4CFF-93A1-FACF2FB5F710}.Debug|Mixed Platforms.Build.0 = Debug|Win32
		{AFFF48CE-83D9-4CFF-93A1-FACF2FB5F710}.Debug|Win32.ActiveCfg = Debug|Win32
		{AFFF48CE-83D9-4CFF-93A1-FACF2FB5F710}.Debug|Win32.Build.0 = Debug|Win32
		{AFFF48CE-83D9-4CFF-93A1-FACF2FB5F710}.Debug|x64.ActiveCfg = Debug|x64
		{AFFF48CE-83D9-4CFF-93A1-FACF2FB5F710}.Debug|x64.Build.0 = Debug|x64
		{AFFF48CE-83D9-4CFF-93A1-FACF2FB5F710}.Release|Mixed Platforms.ActiveCfg = Release|Win32
		{AFFF48CE-83D9-4CFF-93A1-FACF2FB5F710}.Release|Mixed Platforms.Build.0 = Release|Win32
		{AFFF48CE-83D9-4CFF-93A1-FACF2FB5F710}.Release|Win32.ActiveCfg = Release|Win32
		{AFFF48CE-83D9-4CFF-93A1-FACF2FB5F710}.Release|Win32.Build.0 = Release|Win32
		{AFFF48CE-83D9-4CFF-93A1-FACF2FB5F710}.Release|x64.ActiveCfg = Release|x64
		{AFFF48CE-83D9-4CFF-93A1-FACF2FB5F710}.Release|x64.Build.0 = Release|x64
		{B6DF573E-E99E-4538-AD23-596B4A2F0D1A}.Debug|Mixed Platforms.ActiveCfg = Debug|Win32
		{B6DF573E-E99E-4538-AD23-596B4A2F0D1A}.Debug|Mixed Platforms.Build.0 = Debug|Win32
		{B6DF573E-E99E-4538-AD23-596B4A2F0D1A}.Debug|Win32.ActiveCfg = Debug|Win32
		{B6DF573E-E99E-4538-AD23-596B4A2F0D1A}.Debug|Win32.Build.0 = Debug|Win32
		{B6DF573E-E99E-4538-AD23-596B4A2F0D1A}.Debug|x64.ActiveCfg = Debug|x64
		{B6DF573E-E99E-4538-AD23-596B4A2F0D1A}.Debug|x64.Build.0 = Debug|x64
		{B6DF573E-E99E-4538-AD23-596B4A2F0D1A}.Release|Mixed Platforms.ActiveCfg = Release|Win32
		{B6DF573E-E99E-4538-AD23-596B4A2F0D1A}.Release|Mixed Platforms.Build.0 = Release|Win32
		{B6DF573E-E99E-4538-AD23-596B4A2F0D1A}.Release|Win32.ActiveCfg = Release|Win32
		{B6DF573E-E99E-4538-AD23-596B4A2F0D1A}.Release|Win32.Build.0 = Release|Win32
		{B6DF573E-E99E-4538-AD23-596B4A2F0D1A}.Release|x64.ActiveCfg = Release|x64
		{B6DF573E-E99E-4538-AD23-596B4A2F0D1A}.Release|x64.Build.0 = Release|x64
		{DBCD2672-A52D-404C-A924-F6DBFE6FE051}.Debug|Mixed Platforms.ActiveCfg = Debug|Win32
		{DBCD2672-A52D-404C-A924-F6DBFE6FE051}.Debug|Mixed Platforms.Build.0 = Debug|Win32
		{DBCD2672-A52D-404C-A924-F6DBFE6FE051}.Debug|Win32.ActiveCfg = Debug|Win32
		{DBCD2672-A52D-404C-A924-F6DBFE6FE051}.Debug|Win32.Build.0 = Debug|Win32
		{DBCD2672-A52D-404C-A924-F6DBFE6FE051}.Debug|x64.ActiveCfg = Debug|x64
		{DBCD2672-A52D-404C-A924-F6DBFE6FE051}.Debug|x64.Build.0 = Debug|x64
		{DBCD2672-A52D-404C-A924-F6DBFE6FE051}.Release|Mixed Platforms.ActiveCfg = Release|Win32
		{DBCD2672-A52D-404C-A924-F6DBFE6FE051}.Release|Mixed Platforms.Build.0 = Release|Win32
		{DBCD2672-A52D-404C-A924-F6DBFE6FE051}.Release|Win32.ActiveCfg = Release|Win32
		{DBCD2672-A52D-404C-A924-F6DBFE6FE051}.Release|Win32.Build.0 = Release|Win32
		{DBCD2672-A52D-404C-A924-F6DBFE6FE051}.Release|x64.ActiveCfg = Release|x64
		{DBCD2672-A52D-404C-A924-F6DBFE6FE051}.Release|x64.Build.0 = Release|x64
		{335B20EE-7FDC-4DBA-AC30-BEBD2932EB28}.Debug|Mixed Platforms.ActiveCfg = Debug|Win32
		{335B20EE-7FDC-4DBA-AC30-BEBD2932EB28}.Debug|Mixed Platforms.Build.0 = Debug|Win32
		{335B20EE-7FDC-4DBA-AC30-BEBD2932EB28}.Debug|Win32.ActiveCfg = Debug|Win32
		{335B20EE-7FDC-4DBA-AC30-BEBD2932EB28}.Debug|Win32.Build.0 = Debug|Win32
		{335B20EE-7FDC-4DBA-AC30-BEBD2932EB28}.Debug|x64.ActiveCfg = Debug|Win32
		{335B20EE-7FDC-4DBA-AC30-BEBD2932EB28}.Release|Mixed Platforms.ActiveCfg = Release|Win32
		{335B20EE-7FDC-4DBA-AC30-BEBD2932EB28}.Release|Mixed Platforms.Build.0 = Release|Win32
		{335B20EE-7FDC-4DBA-AC30-BEBD2932EB28}.Release|Win32.ActiveCfg = Release|Win32
		{335B20EE-7FDC-4DBA-AC30-BEBD2932EB28}.Release|Win32.Build.0 = Release|Win32
		{335B20EE-7FDC-4DBA-AC30-BEBD2932EB28}.Release|x64.ActiveCfg = Release|Win32
		{B12702AD-ABFB-343A-A199-8E24837244A3}.Debug|Mixed Platforms.ActiveCfg = Debug|Win32
		{B12702AD-ABFB-343A-A199-8E24837244A3}.Debug|Mixed Platforms.Build.0 = Debug|Win32
		{B12702AD-ABFB-343A-A199-8E24837244A3}.Debug|Win32.ActiveCfg = Debug|Win32
		{B12702AD-ABFB-343A-A199-8E24837244A3}.Debug|Win32.Build.0 = Debug|Win32
		{B12702AD-ABFB-343A-A199-8E24837244A3}.Debug|x64.ActiveCfg = Debug|x64
		{B12702AD-ABFB-343A-A199-8E24837244A3}.Debug|x64.Build.0 = Debug|x64
		{B12702AD-ABFB-343A-A199-8E24837244A3}.Release|Mixed Platforms.ActiveCfg = Release|Win32
		{B12702AD-ABFB-343A-A199-8E24837244A3}.Release|Mixed Platforms.Build.0 = Release|Win32
		{B12702AD-ABFB-343A-A199-8E24837244A3}.Release|Win32.ActiveCfg = Release|Win32
		{B12702AD-ABFB-343A-A199-8E24837244A3}.Release|Win32.Build.0 = Release|Win32
		{B12702AD-ABFB-343A-A199-8E24837244A3}.Release|x64.ActiveCfg = Release|x64
		{B12702AD-ABFB-343A-A199-8E24837244A3}.Release|x64.Build.0 = Release|x64
		{21B6837C-707B-403E-9CD2-386537ADA56B}.Debug|Mixed Platforms.ActiveCfg = Debug|Win32
		{21B6837C-707B-403E-9CD2-386537ADA56B}.Debug|Mixed Platforms.Build.0 = Debug|Win32
		{21B6837C-707B-403E-9CD2-386537ADA56B}.Debug|Win32.ActiveCfg = Debug|Win32
		{21B6837C-707B-403E-9CD2-386537ADA56B}.Debug|Win32.Build.0 = Debug|Win32
		{21B6837C-707B-403E-9CD2-386537ADA56B}.Debug|x64.ActiveCfg = Debug|Win32
		{21B6837C-707B-403E-9CD2-386537ADA56B}.Release|Mixed Platforms.ActiveCfg = Release|Win32
		{21B6837C-707B-403E-9CD2-386537ADA56B}.Release|Mixed Platforms.Build.0 = Release|Win32
		{21B6837C-707B-403E-9CD2-386537ADA56B}.Release|Win32.ActiveCfg = Release|Win32
		{21B6837C-707B-403E-9CD2-386537ADA56B}.Release|Win32.Build.0 = Release|Win32
		{21B6837C-707B-403E-9CD2-386537ADA56B}.Release|x64.ActiveCfg = Release|Win32
		{D88281E2-C8BD-41F2-B2C0-15276E9CADD3}.Debug|Mixed Platforms.ActiveCfg = Debug|Win32
		{D88281E2-C8BD-41F2-B2C0-15276E9CADD3}.Debug|Mixed Platforms.Build.0 = Debug|Win32
		{D88281E2-C8BD-41F2-B2C0-15276E9CADD3}.Debug|Win32.ActiveCfg = Debug|Win32
		{D88281E2-C8BD-41F2-B2C0-15276E9CADD3}.Debug|Win32.Build.0 = Debug|Win32
		{D88281E2-C8BD-41F2-B2C0-15276E9CADD3}.Debug|x64.ActiveCfg = Debug|Win32
		{D88281E2-C8BD-41F2-B2C0-15276E9CADD3}.Release|Mixed Platforms.ActiveCfg = Release|Win32
		{D88281E2-C8BD-41F2-B2C0-15276E9CADD3}.Release|Mixed Platforms.Build.0 = Release|Win32
		{D88281E2-C8BD-41F2-B2C0-15276E9CADD3}.Release|Win32.ActiveCfg = Release|Win32
		{D88281E2-C8BD-41F2-B2C0-15276E9CADD3}.Release|Win32.Build.0 = Release|Win32
		{D88281E2-C8BD-41F2-B2C0-15276E9CADD3}.Release|x64.ActiveCfg = Release|Win32
		{124D5CA7-5FB9-4033-A509-8339D7BC3D09}.Debug|Mixed Platforms.ActiveCfg = Debug|Win32
		{124D5CA7-5FB9-4033-A509-8339D7BC3D09}.Debug|Mixed Platforms.Build.0 = Debug|Win32
		{124D5CA7-5FB9-4033-A509-8339D7BC3D09}.Debug|Win32.ActiveCfg = Debug|Win32
		{124D5CA7-5FB9-4033-A509-8339D7BC3D09}.Debug|Win32.Build.0 = Debug|Win32
		{124D5CA7-5FB9-4033-A509-8339D7BC3D09}.Debug|x64.ActiveCfg = Debug|Win32
		{124D5CA7-5FB9-4033-A509-8339D7BC3D09}.Release|Mixed Platforms.ActiveCfg = Release|Win32
		{124D5CA7-5FB9-4033-A509-8339D7BC3D09}.Release|Mixed Platforms.Build.0 = Release|Win32
		{124D5CA7-5FB9-4033-A509-8339D7BC3D09}.Release|Win32.ActiveCfg = Release|Win32
		{124D5CA7-5FB9-4033-A509-8339D7BC3D09}.Release|Win32.Build.0 = Release|Win32
		{124D5CA7-5FB9-4033-A509-8339D7BC3D09}.Release|x64.ActiveCfg = Release|Win32
		{9E21495D-1D8F-4F80-A265-CA2E4B79481B}.Debug|Mixed Platforms.ActiveCfg = Debug|Win32
		{9E21495D-1D8F-4F80-A265-CA2E4B79481B}.Debug|Mixed Platforms.Build.0 = Debug|Win32
		{9E21495D-1D8F-4F80-A265-CA2E4B79481B}.Debug|Win32.ActiveCfg = Debug|Win32
		{9E21495D-1D8F-4F80-A265-CA2E4B79481B}.Debug|Win32.Build.0 = Debug|Win32
		{9E21495D-1D8F-4F80-A265-CA2E4B79481B}.Debug|x64.ActiveCfg = Debug|Win32
		{9E21495D-1D8F-4F80-A265-CA2E4B79481B}.Release|Mixed Platforms.ActiveCfg = Release|Win32
		{9E21495D-1D8F-4F80-A265-CA2E4B79481B}.Release|Mixed Platforms.Build.0 = Release|Win32
		{9E21495D-1D8F-4F80-A265-CA2E4B79481B}.Release|Win32.ActiveCfg = Release|Win32
		{9E21495D-1D8F-4F80-A265-CA2E4B79481B}.Release|Win32.Build.0 = Release|Win32
		{9E21495D-1D8F-4F80-A265-CA2E4B79481B}.Release|x64.ActiveCfg = Release|Win32
		{7C33FC9F-4FC5-4AAB-A5D4-E7BC1443C769}.Debug|Mixed Platforms.ActiveCfg = Debug|Win32
		{7C33FC9F-4FC5-4AAB-A5D4-E7BC1443C769}.Debug|Mixed Platforms.Build.0 = Debug|Win32
		{7C33FC9F-4FC5-4AAB-A5D4-E7BC1443C769}.Debug|Win32.ActiveCfg = Debug|Win32
		{7C33FC9F-4FC5-4AAB-A5D4-E7BC1443C769}.Debug|Win32.Build.0 = Debug|Win32
		{7C33FC9F-4FC5-4AAB-A5D4-E7BC1443C769}.Debug|x64.ActiveCfg = Debug|Win32
		{7C33FC9F-4FC5-4AAB-A5D4-E7BC1443C769}.Release|Mixed Platforms.ActiveCfg = Release|Win32
		{7C33FC9F-4FC5-4AAB-A5D4-E7BC1443C769}.Release|Mixed Platforms.Build.0 = Release|Win32
		{7C33FC9F-4FC5-4AAB-A5D4-E7BC1443C769}.Release|Win32.ActiveCfg = Release|Win32
		{7C33FC9F-4FC5-4AAB-A5D4-E7BC1443C769}.Release|Win32.Build.0 = Release|Win32
		{7C33FC9F-4FC5-4AAB-A5D4-E7BC1443C769}.Release|x64.ActiveCfg = Release|Win32
		{E4B473B3-3529-46AD-9517-C1BF826DD485}.Debug|Mixed Platforms.ActiveCfg = Debug|Win32
		{E4B473B3-3529-46AD-9517-C1BF826DD485}.Debug|Mixed Platforms.Build.0 = Debug|Win32
		{E4B473B3-3529-46AD-9517-C1BF826DD485}.Debug|Win32.ActiveCfg = Debug|Win32
		{E4B473B3-3529-46AD-9517-C1BF826DD485}.Debug|Win32.Build.0 = Debug|Win32
		{E4B473B3-3529-46AD-9517-C1BF826DD485}.Debug|x64.ActiveCfg = Debug|Win32
		{E4B473B3-3529-46AD-9517-C1BF826DD485}.Release|Mixed Platforms.ActiveCfg = Release|Win32
		{E4B473B3-3529-46AD-9517-C1BF826DD485}.Release|Mixed Platforms.Build.0 = Release|Win32
		{E4B473B3-3529-46AD-9517-C1BF826DD485}.Release|Win32.ActiveCfg = Release|Win32
		{E4B473B3-3529-46AD-9517-C1BF826DD485}.Release|Win32.Build.0 = Release|Win32
		{E4B473B3-3529-46AD-9517-C1BF826DD485}.Release|x64.ActiveCfg = Release|Win32
		{9B7526AE-7913-48CC-9980-E6CAAF4E77E1}.Debug|Mixed Platforms.ActiveCfg = Debug|Win32
		{9B7526AE-7913-48CC-9980-E6CAAF4E77E1}.Debug|Mixed Platforms.Build.0 = Debug|Win32
		{9B7526AE-7913-48CC-9980-E6CAAF4E77E1}.Debug|Win32.ActiveCfg = Debug|Win32
		{9B7526AE-7913-48CC-9980-E6CAAF4E77E1}.Debug|Win32.Build.0 = Debug|Win32
		{9B7526AE-7913-48CC-9980-E6CAAF4E77E1}.Debug|x64.ActiveCfg = Debug|Win32
		{9B7526AE-7913-48CC-9980-E6CAAF4E77E1}.Release|Mixed Platforms.ActiveCfg = Release|Win32
		{9B7526AE-7913-48CC-9980-E6CAAF4E77E1}.Release|Mixed Platforms.Build.0 = Release|Win32
		{9B7526AE-7913-48CC-9980-E6CAAF4E77E1}.Release|Win32.ActiveCfg = Release|Win32
		{9B7526AE-7913-48CC-9980-E6CAAF4E77E1}.Release|Win32.Build.0 = Release|Win32
		{9B7526AE-7913-48CC-9980-E6CAAF4E77E1}.Release|x64.ActiveCfg = Release|Win32
	EndGlobalSection
	GlobalSection(SolutionProperties) = preSolution
		HideSolutionNode = FALSE
	EndGlobalSection
	GlobalSection(NestedProjects) = preSolution
		{AEEF67B1-E424-43AC-8E64-13BD8414EC88} = {407E63D2-801F-44AF-BC48-DC804B96B454}
		{2960BE3A-A0AA-4D8F-80A7-B976058834C8} = {407E63D2-801F-44AF-BC48-DC804B96B454}
		{CD528A14-E614-46C1-930D-9030DEE5B55A} = {407E63D2-801F-44AF-BC48-DC804B96B454}
		{8415ADF7-FDE6-41B5-A7C9-9BC3AE0F73C4} = {407E63D2-801F-44AF-BC48-DC804B96B454}
		{14F06769-C4D7-4E47-A15F-7F0BAC68AEC5} = {407E63D2-801F-44AF-BC48-DC804B96B454}
		{C9685857-41C2-46A8-9C7E-862FDB1C752C} = {407E63D2-801F-44AF-BC48-DC804B96B454}
		{53B08561-17AC-472E-8764-4871B0109A59} = {407E63D2-801F-44AF-BC48-DC804B96B454}
		{3D2F7E87-7793-44FD-A4DC-7830336C3BD8} = {407E63D2-801F-44AF-BC48-DC804B96B454}
		{361E6B75-E5CC-4332-B48F-825A4CC86DBA} = {407E63D2-801F-44AF-BC48-DC804B96B454}
		{B6DF573E-E99E-4538-AD23-596B4A2F0D1A} = {407E63D2-801F-44AF-BC48-DC804B96B454}
		{DBCD2672-A52D-404C-A924-F6DBFE6FE051} = {407E63D2-801F-44AF-BC48-DC804B96B454}
		{335B20EE-7FDC-4DBA-AC30-BEBD2932EB28} = {407E63D2-801F-44AF-BC48-DC804B96B454}
		{B12702AD-ABFB-343A-A199-8E24837244A3} = {407E63D2-801F-44AF-BC48-DC804B96B454}
		{0FBAF13E-8710-4A18-9B25-ED808E85FDE6} = {78D7A55B-EFE6-49E0-8E5C-DA05E62C9D90}
		{F86558F9-AF0C-4F9B-B314-096B73668E91} = {78D7A55B-EFE6-49E0-8E5C-DA05E62C9D90}
		{B14280FE-2833-4131-8CD5-154DDF8B1E86} = {78D7A55B-EFE6-49E0-8E5C-DA05E62C9D90}
		{94919353-FF72-456F-9E90-FFFA519C9D0C} = {78D7A55B-EFE6-49E0-8E5C-DA05E62C9D90}
		{F03D784A-5B0B-434A-8F62-98F0287600A5} = {78D7A55B-EFE6-49E0-8E5C-DA05E62C9D90}
		{00DC89F2-FAD5-49CB-B39D-E7F9C8137A37} = {78D7A55B-EFE6-49E0-8E5C-DA05E62C9D90}
		{6A2DD61D-0C9A-41F9-9FB4-1917A498A6EC} = {78D7A55B-EFE6-49E0-8E5C-DA05E62C9D90}
		{34402CC4-985B-4F1B-8E1B-83271A23D683} = {78D7A55B-EFE6-49E0-8E5C-DA05E62C9D90}
		{D6417B8C-C18B-4F32-958F-5AD4F199A1F9} = {78D7A55B-EFE6-49E0-8E5C-DA05E62C9D90}
		{EEE8A027-2108-4719-BCCB-3FB2D3E59968} = {78D7A55B-EFE6-49E0-8E5C-DA05E62C9D90}
		{DEB82498-7288-4B35-AA58-1C4C61204AB3} = {78D7A55B-EFE6-49E0-8E5C-DA05E62C9D90}
		{56975BF7-30C2-4324-8B54-3B7A9EA8A252} = {78D7A55B-EFE6-49E0-8E5C-DA05E62C9D90}
		{21B6837C-707B-403E-9CD2-386537ADA56B} = {78D7A55B-EFE6-49E0-8E5C-DA05E62C9D90}
		{D88281E2-C8BD-41F2-B2C0-15276E9CADD3} = {78D7A55B-EFE6-49E0-8E5C-DA05E62C9D90}
		{124D5CA7-5FB9-4033-A509-8339D7BC3D09} = {78D7A55B-EFE6-49E0-8E5C-DA05E62C9D90}
		{9E21495D-1D8F-4F80-A265-CA2E4B79481B} = {78D7A55B-EFE6-49E0-8E5C-DA05E62C9D90}
		{7C33FC9F-4FC5-4AAB-A5D4-E7BC1443C769} = {78D7A55B-EFE6-49E0-8E5C-DA05E62C9D90}
		{E4B473B3-3529-46AD-9517-C1BF826DD485} = {78D7A55B-EFE6-49E0-8E5C-DA05E62C9D90}
		{9B7526AE-7913-48CC-9980-E6CAAF4E77E1} = {78D7A55B-EFE6-49E0-8E5C-DA05E62C9D90}
		{371CB00F-70B9-4240-9A57-04F64C58B57C} = {EE68D00D-7B65-43BE-81D4-EAA4D41AF996}
		{CB37503E-A624-411C-8688-3F965F4223FF} = {EE68D00D-7B65-43BE-81D4-EAA4D41AF996}
		{ECB2E33B-378C-4B84-B919-DEC70BCC3A9E} = {EE68D00D-7B65-43BE-81D4-EAA4D41AF996}
		{32D32E34-0D7C-4239-96F1-05DFC0EA67D6} = {EE68D00D-7B65-43BE-81D4-EAA4D41AF996}
		{19AF09E7-F95B-434D-904C-2C6C5B837C65} = {EE68D00D-7B65-43BE-81D4-EAA4D41AF996}
		{7FAB1702-6DAF-434E-BD27-06B00D9F9CC1} = {EE68D00D-7B65-43BE-81D4-EAA4D41AF996}
		{A24CEFFE-26CB-499D-BD9D-C4C5B52170A1} = {EE68D00D-7B65-43BE-81D4-EAA4D41AF996}
		{97E38D57-8EE7-4E5C-986E-6DA94A75B57D} = {EE68D00D-7B65-43BE-81D4-EAA4D41AF996}
		{21457964-333C-45C7-96AE-BACF981BECFD} = {EE68D00D-7B65-43BE-81D4-EAA4D41AF996}
		{F4FBC91B-753D-49F9-B629-DBCFA5D073BA} = {00CFAF5D-D79B-471D-9C23-16B554AC99DA}
		{8628B2F8-C343-4A9F-9394-2BE643C90FA1} = {00CFAF5D-D79B-471D-9C23-16B554AC99DA}
		{5810F749-0AC9-4CA1-888C-7C3EF057B937} = {00CFAF5D-D79B-471D-9C23-16B554AC99DA}
		{18117738-657F-4CC6-A3D5-28C126E1BB91} = {00CFAF5D-D79B-471D-9C23-16B554AC99DA}
		{43BD4725-AC0C-4D80-B217-085FD5823094} = {00CFAF5D-D79B-471D-9C23-16B554AC99DA}
		{14491B59-B8D7-4DB7-B3D5-23A014533BDF} = {00CFAF5D-D79B-471D-9C23-16B554AC99DA}
		{588AE04E-EF6C-4F83-B0C8-EA7C6A7E1C78} = {00CFAF5D-D79B-471D-9C23-16B554AC99DA}
		{2DE04ADC-9B34-471D-BC96-A64233DA96D6} = {EFA42284-DB57-46E2-BD70-9992C8D2E7C9}
		{93B1B344-B454-4649-9876-C28AB5FC09D5} = {A1C286D9-FFCE-4ED8-815D-5E45B43BFB6E}
		{A01EC82E-49D1-4076-BA61-A6DEA51F82DB} = {A1C286D9-FFCE-4ED8-815D-5E45B43BFB6E}
		{577D3CB5-24FC-4C75-A1BA-11207D40F54F} = {D8CCB5DB-098B-4593-ACBE-19B5D250BE42}
		{ABC13151-18A2-4560-A62F-B2A637EA9FE5} = {D8CCB5DB-098B-4593-ACBE-19B5D250BE42}
		{3CB414C4-CE9F-31D1-9B88-9FB433DFF682} = {ED4BB0D8-F74D-4A61-AB3F-94370D7B98E6}
		{724AA5D6-ABCA-3EE0-86AA-C7219D00520D} = {ED4BB0D8-F74D-4A61-AB3F-94370D7B98E6}
		{9F5C4936-269F-40D0-9458-1F6AC4A1F4FB} = {ED4BB0D8-F74D-4A61-AB3F-94370D7B98E6}
		{0412E7C8-59C1-4133-88CE-68C84CAB0839} = {65587AFA-E8AD-4A96-A4FD-087556012612}
		{82A50D03-AE0F-47D7-9B49-DB9F87C438DC} = {65587AFA-E8AD-4A96-A4FD-087556012612}
		{C2CD867E-3DD8-4260-93EC-8426A1A32A0A} = {F1A90C73-3CAF-4801-B78A-959CFBC6B8B6}
		{AFFF48CE-83D9-4CFF-93A1-FACF2FB5F710} = {45AD1DAD-AF35-4B61-A6BD-4D8E13AC0DEC}
	EndGlobalSection
EndGlobal
